// !$*UTF8*$!
{
	archiveVersion = 1;
	classes = {
	};
	objectVersion = 56;
	objects = {

/* Begin PBXBuildFile section */
		06FDB10EF535A28E215BDB36 /* Pods_OTTProject_OTTProjectUITests.framework in Frameworks */ = {isa = PBXBuildFile; fileRef = 6C2D7D68A4F4FBE8BD0A9C23 /* Pods_OTTProject_OTTProjectUITests.framework */; };
		188778A12986821C0021A416 /* favoriteTVC.swift in Sources */ = {isa = PBXBuildFile; fileRef = 188778A02986821C0021A416 /* favoriteTVC.swift */; };
		188778A32986822E0021A416 /* Favorites.swift in Sources */ = {isa = PBXBuildFile; fileRef = 188778A22986822E0021A416 /* Favorites.swift */; };
		188778A62986891F0021A416 /* Watchlater.swift in Sources */ = {isa = PBXBuildFile; fileRef = 188778A52986891F0021A416 /* Watchlater.swift */; };
		188778A8298689350021A416 /* watchlaterTVC.swift in Sources */ = {isa = PBXBuildFile; fileRef = 188778A7298689350021A416 /* watchlaterTVC.swift */; };
		188778AB298698490021A416 /* shortsTVC.swift in Sources */ = {isa = PBXBuildFile; fileRef = 188778AA298698490021A416 /* shortsTVC.swift */; };
		188778AD298698560021A416 /* Shorts.swift in Sources */ = {isa = PBXBuildFile; fileRef = 188778AC298698560021A416 /* Shorts.swift */; };
		188778AF29869B450021A416 /* Complete.swift in Sources */ = {isa = PBXBuildFile; fileRef = 188778AE29869B450021A416 /* Complete.swift */; };
		188778B129869BDF0021A416 /* TABBAR.swift in Sources */ = {isa = PBXBuildFile; fileRef = 188778B029869BDF0021A416 /* TABBAR.swift */; };
		18A526F3298419E200C24CA6 /* AppDelegate.swift in Sources */ = {isa = PBXBuildFile; fileRef = 18A526F2298419E200C24CA6 /* AppDelegate.swift */; };
		18A526F5298419E200C24CA6 /* SceneDelegate.swift in Sources */ = {isa = PBXBuildFile; fileRef = 18A526F4298419E200C24CA6 /* SceneDelegate.swift */; };
		18A526F7298419E200C24CA6 /* ViewController.swift in Sources */ = {isa = PBXBuildFile; fileRef = 18A526F6298419E200C24CA6 /* ViewController.swift */; };
		18A526FA298419E200C24CA6 /* Main.storyboard in Resources */ = {isa = PBXBuildFile; fileRef = 18A526F8298419E200C24CA6 /* Main.storyboard */; };
		18A526FD298419E200C24CA6 /* OTTProject.xcdatamodeld in Sources */ = {isa = PBXBuildFile; fileRef = 18A526FB298419E200C24CA6 /* OTTProject.xcdatamodeld */; };
		18A526FF298419E400C24CA6 /* Assets.xcassets in Resources */ = {isa = PBXBuildFile; fileRef = 18A526FE298419E400C24CA6 /* Assets.xcassets */; };
		18A52702298419E400C24CA6 /* LaunchScreen.storyboard in Resources */ = {isa = PBXBuildFile; fileRef = 18A52700298419E400C24CA6 /* LaunchScreen.storyboard */; };
		18A5270D298419E400C24CA6 /* OTTProjectTests.swift in Sources */ = {isa = PBXBuildFile; fileRef = 18A5270C298419E400C24CA6 /* OTTProjectTests.swift */; };
		18A52717298419E500C24CA6 /* OTTProjectUITests.swift in Sources */ = {isa = PBXBuildFile; fileRef = 18A52716298419E500C24CA6 /* OTTProjectUITests.swift */; };
		18A52719298419E500C24CA6 /* OTTProjectUITestsLaunchTests.swift in Sources */ = {isa = PBXBuildFile; fileRef = 18A52718298419E500C24CA6 /* OTTProjectUITestsLaunchTests.swift */; };
		18A5272629841D0900C24CA6 /* Attributea.swift in Sources */ = {isa = PBXBuildFile; fileRef = 18A5272529841D0900C24CA6 /* Attributea.swift */; };
		18A527292984334C00C24CA6 /* ViewController2.swift in Sources */ = {isa = PBXBuildFile; fileRef = 18A527282984334C00C24CA6 /* ViewController2.swift */; };
		18A5272B2984335800C24CA6 /* ViewController3.swift in Sources */ = {isa = PBXBuildFile; fileRef = 18A5272A2984335800C24CA6 /* ViewController3.swift */; };
		18A5272E2984491A00C24CA6 /* Signin.swift in Sources */ = {isa = PBXBuildFile; fileRef = 18A5272D2984491A00C24CA6 /* Signin.swift */; };
		18A527302984493600C24CA6 /* SignUp.swift in Sources */ = {isa = PBXBuildFile; fileRef = 18A5272F2984493600C24CA6 /* SignUp.swift */; };
		18A5273229844BBD00C24CA6 /* ChooseLanguage.swift in Sources */ = {isa = PBXBuildFile; fileRef = 18A5273129844BBD00C24CA6 /* ChooseLanguage.swift */; };
		18A5273629844C3900C24CA6 /* chooselanguageCVC.swift in Sources */ = {isa = PBXBuildFile; fileRef = 18A5273529844C3900C24CA6 /* chooselanguageCVC.swift */; };
		18A52738298454D400C24CA6 /* interestCVC.swift in Sources */ = {isa = PBXBuildFile; fileRef = 18A52737298454D400C24CA6 /* interestCVC.swift */; };
		18A5273A298454E800C24CA6 /* Interst.swift in Sources */ = {isa = PBXBuildFile; fileRef = 18A52739298454E800C24CA6 /* Interst.swift */; };
		18A6E38029855551006E5E35 /* Home.swift in Sources */ = {isa = PBXBuildFile; fileRef = 18A6E37F29855551006E5E35 /* Home.swift */; };
		18A6E3822985557B006E5E35 /* homeTVC1.swift in Sources */ = {isa = PBXBuildFile; fileRef = 18A6E3812985557B006E5E35 /* homeTVC1.swift */; };
		18A6E3842985558A006E5E35 /* homeTVC2.swift in Sources */ = {isa = PBXBuildFile; fileRef = 18A6E3832985558A006E5E35 /* homeTVC2.swift */; };
		18A6E386298555C1006E5E35 /* tvc2CVC2.swift in Sources */ = {isa = PBXBuildFile; fileRef = 18A6E385298555C1006E5E35 /* tvc2CVC2.swift */; };
		18A6E38829855F61006E5E35 /* tvc3CVC3.swift in Sources */ = {isa = PBXBuildFile; fileRef = 18A6E38729855F61006E5E35 /* tvc3CVC3.swift */; };
		18A6E38A29856C2C006E5E35 /* Profile.swift in Sources */ = {isa = PBXBuildFile; fileRef = 18A6E38929856C2C006E5E35 /* Profile.swift */; };
		18A6E38C29856D10006E5E35 /* Language.swift in Sources */ = {isa = PBXBuildFile; fileRef = 18A6E38B29856D10006E5E35 /* Language.swift */; };
		18A6E38E29856D38006E5E35 /* languageCVC.swift in Sources */ = {isa = PBXBuildFile; fileRef = 18A6E38D29856D38006E5E35 /* languageCVC.swift */; };
		18A6E39029856F60006E5E35 /* Joners.swift in Sources */ = {isa = PBXBuildFile; fileRef = 18A6E38F29856F60006E5E35 /* Joners.swift */; };
		18A6E39229856F72006E5E35 /* jonersCVC.swift in Sources */ = {isa = PBXBuildFile; fileRef = 18A6E39129856F72006E5E35 /* jonersCVC.swift */; };
		18A6E394298574F0006E5E35 /* PopularonTV.swift in Sources */ = {isa = PBXBuildFile; fileRef = 18A6E393298574F0006E5E35 /* PopularonTV.swift */; };
		18A6E39629857509006E5E35 /* popularTVC.swift in Sources */ = {isa = PBXBuildFile; fileRef = 18A6E39529857509006E5E35 /* popularTVC.swift */; };
		18A6E39829858C21006E5E35 /* KIdsCorner.swift in Sources */ = {isa = PBXBuildFile; fileRef = 18A6E39729858C21006E5E35 /* KIdsCorner.swift */; };
		18A6E39A29858C2F006E5E35 /* kidsCVC.swift in Sources */ = {isa = PBXBuildFile; fileRef = 18A6E39929858C2F006E5E35 /* kidsCVC.swift */; };
		18A6E39D29859DD2006E5E35 /* MovieDetails.swift in Sources */ = {isa = PBXBuildFile; fileRef = 18A6E39C29859DD2006E5E35 /* MovieDetails.swift */; };
		18A6E39F29859FBE006E5E35 /* moviedetailCVC.swift in Sources */ = {isa = PBXBuildFile; fileRef = 18A6E39E29859FBE006E5E35 /* moviedetailCVC.swift */; };
		18AB203F29867AB600CF4968 /* Downloads.swift in Sources */ = {isa = PBXBuildFile; fileRef = 18AB203E29867AB600CF4968 /* Downloads.swift */; };
		18AB204129867ACB00CF4968 /* downloadTVC.swift in Sources */ = {isa = PBXBuildFile; fileRef = 18AB204029867ACB00CF4968 /* downloadTVC.swift */; };
		18B8BE1729A3298300F0247F /* Koredata.swift in Sources */ = {isa = PBXBuildFile; fileRef = 18B8BE1629A3298300F0247F /* Koredata.swift */; };
		18B8BE1E29A32B3400F0247F /* Entity+CoreDataClass.swift in Sources */ = {isa = PBXBuildFile; fileRef = 18B8BE1C29A32B3400F0247F /* Entity+CoreDataClass.swift */; };
		18B8BE1F29A32B3400F0247F /* Entity+CoreDataProperties.swift in Sources */ = {isa = PBXBuildFile; fileRef = 18B8BE1D29A32B3400F0247F /* Entity+CoreDataProperties.swift */; };
		18BADDA2299C977100613438 /* ApiNetworking.swift in Sources */ = {isa = PBXBuildFile; fileRef = 18BADDA1299C977100613438 /* ApiNetworking.swift */; };
		18BADDA4299C978300613438 /* URLcollection.swift in Sources */ = {isa = PBXBuildFile; fileRef = 18BADDA3299C978300613438 /* URLcollection.swift */; };
		18BADDA8299C97C500613438 /* Modelclass.swift in Sources */ = {isa = PBXBuildFile; fileRef = 18BADDA7299C97C500613438 /* Modelclass.swift */; };
		18BB5AF4299E7AF6006D6629 /* homeTVC5.swift in Sources */ = {isa = PBXBuildFile; fileRef = 18BB5AF3299E7AF6006D6629 /* homeTVC5.swift */; };
		18BB5AF6299E7B15006D6629 /* tvc5CVC5.swift in Sources */ = {isa = PBXBuildFile; fileRef = 18BB5AF5299E7B15006D6629 /* tvc5CVC5.swift */; };
		18C25C71299DECAE00635459 /* homeTVC3.swift in Sources */ = {isa = PBXBuildFile; fileRef = 18C25C70299DECAE00635459 /* homeTVC3.swift */; };
		18C25C73299DECB800635459 /* homeTVC4.swift in Sources */ = {isa = PBXBuildFile; fileRef = 18C25C72299DECB800635459 /* homeTVC4.swift */; };
		18C25C76299DF24C00635459 /* tvc4CVC4.swift in Sources */ = {isa = PBXBuildFile; fileRef = 18C25C75299DF24C00635459 /* tvc4CVC4.swift */; };
		18C47A7F29AE7DC200ACECDE /* Searchbar.swift in Sources */ = {isa = PBXBuildFile; fileRef = 18C47A7E29AE7DC200ACECDE /* Searchbar.swift */; };
		18E7A503299A6EF100D5E8D5 /* Sidemenu.swift in Sources */ = {isa = PBXBuildFile; fileRef = 18E7A502299A6EF100D5E8D5 /* Sidemenu.swift */; };
		18E7A505299AAB2700D5E8D5 /* Commingsoon.swift in Sources */ = {isa = PBXBuildFile; fileRef = 18E7A504299AAB2700D5E8D5 /* Commingsoon.swift */; };
		18E7A507299AAB3C00D5E8D5 /* csTVC.swift in Sources */ = {isa = PBXBuildFile; fileRef = 18E7A506299AAB3C00D5E8D5 /* csTVC.swift */; };
		18E7A509299AAB4E00D5E8D5 /* cntvcCVC.swift in Sources */ = {isa = PBXBuildFile; fileRef = 18E7A508299AAB4E00D5E8D5 /* cntvcCVC.swift */; };
		3543E54D602943C757921DFF /* Pods_OTTProject.framework in Frameworks */ = {isa = PBXBuildFile; fileRef = F8217900CA98ABB6ECD60A43 /* Pods_OTTProject.framework */; };
		873DFB9554DEF19351B40434 /* Pods_OTTProjectTests.framework in Frameworks */ = {isa = PBXBuildFile; fileRef = EE1DCEA7D642FE41ABC60BF2 /* Pods_OTTProjectTests.framework */; };
/* End PBXBuildFile section */

/* Begin PBXContainerItemProxy section */
		18A52709298419E400C24CA6 /* PBXContainerItemProxy */ = {
			isa = PBXContainerItemProxy;
			containerPortal = 18A526E7298419E200C24CA6 /* Project object */;
			proxyType = 1;
			remoteGlobalIDString = 18A526EE298419E200C24CA6;
			remoteInfo = OTTProject;
		};
		18A52713298419E500C24CA6 /* PBXContainerItemProxy */ = {
			isa = PBXContainerItemProxy;
			containerPortal = 18A526E7298419E200C24CA6 /* Project object */;
			proxyType = 1;
			remoteGlobalIDString = 18A526EE298419E200C24CA6;
			remoteInfo = OTTProject;
		};
/* End PBXContainerItemProxy section */

/* Begin PBXFileReference section */
		0D0B447F97149CA222121D24 /* Pods-OTTProject.release.xcconfig */ = {isa = PBXFileReference; includeInIndex = 1; lastKnownFileType = text.xcconfig; name = "Pods-OTTProject.release.xcconfig"; path = "Target Support Files/Pods-OTTProject/Pods-OTTProject.release.xcconfig"; sourceTree = "<group>"; };
		188778A02986821C0021A416 /* favoriteTVC.swift */ = {isa = PBXFileReference; lastKnownFileType = sourcecode.swift; path = favoriteTVC.swift; sourceTree = "<group>"; };
		188778A22986822E0021A416 /* Favorites.swift */ = {isa = PBXFileReference; lastKnownFileType = sourcecode.swift; path = Favorites.swift; sourceTree = "<group>"; };
		188778A52986891F0021A416 /* Watchlater.swift */ = {isa = PBXFileReference; lastKnownFileType = sourcecode.swift; path = Watchlater.swift; sourceTree = "<group>"; };
		188778A7298689350021A416 /* watchlaterTVC.swift */ = {isa = PBXFileReference; lastKnownFileType = sourcecode.swift; path = watchlaterTVC.swift; sourceTree = "<group>"; };
		188778AA298698490021A416 /* shortsTVC.swift */ = {isa = PBXFileReference; lastKnownFileType = sourcecode.swift; path = shortsTVC.swift; sourceTree = "<group>"; };
		188778AC298698560021A416 /* Shorts.swift */ = {isa = PBXFileReference; lastKnownFileType = sourcecode.swift; path = Shorts.swift; sourceTree = "<group>"; };
		188778AE29869B450021A416 /* Complete.swift */ = {isa = PBXFileReference; lastKnownFileType = sourcecode.swift; path = Complete.swift; sourceTree = "<group>"; };
		188778B029869BDF0021A416 /* TABBAR.swift */ = {isa = PBXFileReference; lastKnownFileType = sourcecode.swift; path = TABBAR.swift; sourceTree = "<group>"; };
		18A526EF298419E200C24CA6 /* OTTProject.app */ = {isa = PBXFileReference; explicitFileType = wrapper.application; includeInIndex = 0; path = OTTProject.app; sourceTree = BUILT_PRODUCTS_DIR; };
		18A526F2298419E200C24CA6 /* AppDelegate.swift */ = {isa = PBXFileReference; lastKnownFileType = sourcecode.swift; path = AppDelegate.swift; sourceTree = "<group>"; };
		18A526F4298419E200C24CA6 /* SceneDelegate.swift */ = {isa = PBXFileReference; lastKnownFileType = sourcecode.swift; path = SceneDelegate.swift; sourceTree = "<group>"; };
		18A526F6298419E200C24CA6 /* ViewController.swift */ = {isa = PBXFileReference; lastKnownFileType = sourcecode.swift; path = ViewController.swift; sourceTree = "<group>"; };
		18A526F9298419E200C24CA6 /* Base */ = {isa = PBXFileReference; lastKnownFileType = file.storyboard; name = Base; path = Base.lproj/Main.storyboard; sourceTree = "<group>"; };
		18A526FC298419E200C24CA6 /* OTTProject.xcdatamodel */ = {isa = PBXFileReference; lastKnownFileType = wrapper.xcdatamodel; path = OTTProject.xcdatamodel; sourceTree = "<group>"; };
		18A526FE298419E400C24CA6 /* Assets.xcassets */ = {isa = PBXFileReference; lastKnownFileType = folder.assetcatalog; path = Assets.xcassets; sourceTree = "<group>"; };
		18A52701298419E400C24CA6 /* Base */ = {isa = PBXFileReference; lastKnownFileType = file.storyboard; name = Base; path = Base.lproj/LaunchScreen.storyboard; sourceTree = "<group>"; };
		18A52703298419E400C24CA6 /* Info.plist */ = {isa = PBXFileReference; lastKnownFileType = text.plist.xml; path = Info.plist; sourceTree = "<group>"; };
		18A52708298419E400C24CA6 /* OTTProjectTests.xctest */ = {isa = PBXFileReference; explicitFileType = wrapper.cfbundle; includeInIndex = 0; path = OTTProjectTests.xctest; sourceTree = BUILT_PRODUCTS_DIR; };
		18A5270C298419E400C24CA6 /* OTTProjectTests.swift */ = {isa = PBXFileReference; lastKnownFileType = sourcecode.swift; path = OTTProjectTests.swift; sourceTree = "<group>"; };
		18A52712298419E500C24CA6 /* OTTProjectUITests.xctest */ = {isa = PBXFileReference; explicitFileType = wrapper.cfbundle; includeInIndex = 0; path = OTTProjectUITests.xctest; sourceTree = BUILT_PRODUCTS_DIR; };
		18A52716298419E500C24CA6 /* OTTProjectUITests.swift */ = {isa = PBXFileReference; lastKnownFileType = sourcecode.swift; path = OTTProjectUITests.swift; sourceTree = "<group>"; };
		18A52718298419E500C24CA6 /* OTTProjectUITestsLaunchTests.swift */ = {isa = PBXFileReference; lastKnownFileType = sourcecode.swift; path = OTTProjectUITestsLaunchTests.swift; sourceTree = "<group>"; };
		18A5272529841D0900C24CA6 /* Attributea.swift */ = {isa = PBXFileReference; lastKnownFileType = sourcecode.swift; path = Attributea.swift; sourceTree = "<group>"; };
		18A527282984334C00C24CA6 /* ViewController2.swift */ = {isa = PBXFileReference; lastKnownFileType = sourcecode.swift; path = ViewController2.swift; sourceTree = "<group>"; };
		18A5272A2984335800C24CA6 /* ViewController3.swift */ = {isa = PBXFileReference; lastKnownFileType = sourcecode.swift; path = ViewController3.swift; sourceTree = "<group>"; };
		18A5272D2984491A00C24CA6 /* Signin.swift */ = {isa = PBXFileReference; lastKnownFileType = sourcecode.swift; path = Signin.swift; sourceTree = "<group>"; };
		18A5272F2984493600C24CA6 /* SignUp.swift */ = {isa = PBXFileReference; lastKnownFileType = sourcecode.swift; path = SignUp.swift; sourceTree = "<group>"; };
		18A5273129844BBD00C24CA6 /* ChooseLanguage.swift */ = {isa = PBXFileReference; lastKnownFileType = sourcecode.swift; path = ChooseLanguage.swift; sourceTree = "<group>"; };
		18A5273529844C3900C24CA6 /* chooselanguageCVC.swift */ = {isa = PBXFileReference; lastKnownFileType = sourcecode.swift; path = chooselanguageCVC.swift; sourceTree = "<group>"; };
		18A52737298454D400C24CA6 /* interestCVC.swift */ = {isa = PBXFileReference; lastKnownFileType = sourcecode.swift; path = interestCVC.swift; sourceTree = "<group>"; };
		18A52739298454E800C24CA6 /* Interst.swift */ = {isa = PBXFileReference; lastKnownFileType = sourcecode.swift; path = Interst.swift; sourceTree = "<group>"; };
		18A6E37F29855551006E5E35 /* Home.swift */ = {isa = PBXFileReference; lastKnownFileType = sourcecode.swift; path = Home.swift; sourceTree = "<group>"; };
		18A6E3812985557B006E5E35 /* homeTVC1.swift */ = {isa = PBXFileReference; lastKnownFileType = sourcecode.swift; path = homeTVC1.swift; sourceTree = "<group>"; };
		18A6E3832985558A006E5E35 /* homeTVC2.swift */ = {isa = PBXFileReference; lastKnownFileType = sourcecode.swift; path = homeTVC2.swift; sourceTree = "<group>"; };
		18A6E385298555C1006E5E35 /* tvc2CVC2.swift */ = {isa = PBXFileReference; lastKnownFileType = sourcecode.swift; path = tvc2CVC2.swift; sourceTree = "<group>"; };
		18A6E38729855F61006E5E35 /* tvc3CVC3.swift */ = {isa = PBXFileReference; lastKnownFileType = sourcecode.swift; path = tvc3CVC3.swift; sourceTree = "<group>"; };
		18A6E38929856C2C006E5E35 /* Profile.swift */ = {isa = PBXFileReference; lastKnownFileType = sourcecode.swift; path = Profile.swift; sourceTree = "<group>"; };
		18A6E38B29856D10006E5E35 /* Language.swift */ = {isa = PBXFileReference; lastKnownFileType = sourcecode.swift; path = Language.swift; sourceTree = "<group>"; };
		18A6E38D29856D38006E5E35 /* languageCVC.swift */ = {isa = PBXFileReference; lastKnownFileType = sourcecode.swift; path = languageCVC.swift; sourceTree = "<group>"; };
		18A6E38F29856F60006E5E35 /* Joners.swift */ = {isa = PBXFileReference; lastKnownFileType = sourcecode.swift; path = Joners.swift; sourceTree = "<group>"; };
		18A6E39129856F72006E5E35 /* jonersCVC.swift */ = {isa = PBXFileReference; lastKnownFileType = sourcecode.swift; path = jonersCVC.swift; sourceTree = "<group>"; };
		18A6E393298574F0006E5E35 /* PopularonTV.swift */ = {isa = PBXFileReference; lastKnownFileType = sourcecode.swift; path = PopularonTV.swift; sourceTree = "<group>"; };
		18A6E39529857509006E5E35 /* popularTVC.swift */ = {isa = PBXFileReference; lastKnownFileType = sourcecode.swift; path = popularTVC.swift; sourceTree = "<group>"; };
		18A6E39729858C21006E5E35 /* KIdsCorner.swift */ = {isa = PBXFileReference; lastKnownFileType = sourcecode.swift; path = KIdsCorner.swift; sourceTree = "<group>"; };
		18A6E39929858C2F006E5E35 /* kidsCVC.swift */ = {isa = PBXFileReference; lastKnownFileType = sourcecode.swift; path = kidsCVC.swift; sourceTree = "<group>"; };
		18A6E39C29859DD2006E5E35 /* MovieDetails.swift */ = {isa = PBXFileReference; lastKnownFileType = sourcecode.swift; path = MovieDetails.swift; sourceTree = "<group>"; };
		18A6E39E29859FBE006E5E35 /* moviedetailCVC.swift */ = {isa = PBXFileReference; lastKnownFileType = sourcecode.swift; path = moviedetailCVC.swift; sourceTree = "<group>"; };
		18AB203E29867AB600CF4968 /* Downloads.swift */ = {isa = PBXFileReference; lastKnownFileType = sourcecode.swift; path = Downloads.swift; sourceTree = "<group>"; };
		18AB204029867ACB00CF4968 /* downloadTVC.swift */ = {isa = PBXFileReference; lastKnownFileType = sourcecode.swift; path = downloadTVC.swift; sourceTree = "<group>"; };
		18B8BE1629A3298300F0247F /* Koredata.swift */ = {isa = PBXFileReference; lastKnownFileType = sourcecode.swift; path = Koredata.swift; sourceTree = "<group>"; };
		18B8BE1C29A32B3400F0247F /* Entity+CoreDataClass.swift */ = {isa = PBXFileReference; lastKnownFileType = sourcecode.swift; path = "Entity+CoreDataClass.swift"; sourceTree = "<group>"; };
		18B8BE1D29A32B3400F0247F /* Entity+CoreDataProperties.swift */ = {isa = PBXFileReference; lastKnownFileType = sourcecode.swift; path = "Entity+CoreDataProperties.swift"; sourceTree = "<group>"; };
		18BADDA1299C977100613438 /* ApiNetworking.swift */ = {isa = PBXFileReference; lastKnownFileType = sourcecode.swift; path = ApiNetworking.swift; sourceTree = "<group>"; };
		18BADDA3299C978300613438 /* URLcollection.swift */ = {isa = PBXFileReference; lastKnownFileType = sourcecode.swift; path = URLcollection.swift; sourceTree = "<group>"; };
		18BADDA7299C97C500613438 /* Modelclass.swift */ = {isa = PBXFileReference; lastKnownFileType = sourcecode.swift; path = Modelclass.swift; sourceTree = "<group>"; };
		18BB5AF3299E7AF6006D6629 /* homeTVC5.swift */ = {isa = PBXFileReference; lastKnownFileType = sourcecode.swift; path = homeTVC5.swift; sourceTree = "<group>"; };
		18BB5AF5299E7B15006D6629 /* tvc5CVC5.swift */ = {isa = PBXFileReference; lastKnownFileType = sourcecode.swift; path = tvc5CVC5.swift; sourceTree = "<group>"; };
		18C25C70299DECAE00635459 /* homeTVC3.swift */ = {isa = PBXFileReference; lastKnownFileType = sourcecode.swift; path = homeTVC3.swift; sourceTree = "<group>"; };
		18C25C72299DECB800635459 /* homeTVC4.swift */ = {isa = PBXFileReference; lastKnownFileType = sourcecode.swift; path = homeTVC4.swift; sourceTree = "<group>"; };
		18C25C75299DF24C00635459 /* tvc4CVC4.swift */ = {isa = PBXFileReference; lastKnownFileType = sourcecode.swift; path = tvc4CVC4.swift; sourceTree = "<group>"; };
		18C47A7E29AE7DC200ACECDE /* Searchbar.swift */ = {isa = PBXFileReference; lastKnownFileType = sourcecode.swift; path = Searchbar.swift; sourceTree = "<group>"; };
		18E7A502299A6EF100D5E8D5 /* Sidemenu.swift */ = {isa = PBXFileReference; lastKnownFileType = sourcecode.swift; path = Sidemenu.swift; sourceTree = "<group>"; };
		18E7A504299AAB2700D5E8D5 /* Commingsoon.swift */ = {isa = PBXFileReference; lastKnownFileType = sourcecode.swift; path = Commingsoon.swift; sourceTree = "<group>"; };
		18E7A506299AAB3C00D5E8D5 /* csTVC.swift */ = {isa = PBXFileReference; lastKnownFileType = sourcecode.swift; path = csTVC.swift; sourceTree = "<group>"; };
		18E7A508299AAB4E00D5E8D5 /* cntvcCVC.swift */ = {isa = PBXFileReference; lastKnownFileType = sourcecode.swift; path = cntvcCVC.swift; sourceTree = "<group>"; };
		19B8EB4363BA9BC5FB139EC3 /* Pods-OTTProject.debug.xcconfig */ = {isa = PBXFileReference; includeInIndex = 1; lastKnownFileType = text.xcconfig; name = "Pods-OTTProject.debug.xcconfig"; path = "Target Support Files/Pods-OTTProject/Pods-OTTProject.debug.xcconfig"; sourceTree = "<group>"; };
		1C01A5CFE259214DBED3CCA5 /* Pods-OTTProjectTests.debug.xcconfig */ = {isa = PBXFileReference; includeInIndex = 1; lastKnownFileType = text.xcconfig; name = "Pods-OTTProjectTests.debug.xcconfig"; path = "Target Support Files/Pods-OTTProjectTests/Pods-OTTProjectTests.debug.xcconfig"; sourceTree = "<group>"; };
		6AE5E08629F4DE42956DEFCB /* Pods-OTTProjectTests.release.xcconfig */ = {isa = PBXFileReference; includeInIndex = 1; lastKnownFileType = text.xcconfig; name = "Pods-OTTProjectTests.release.xcconfig"; path = "Target Support Files/Pods-OTTProjectTests/Pods-OTTProjectTests.release.xcconfig"; sourceTree = "<group>"; };
		6C2D7D68A4F4FBE8BD0A9C23 /* Pods_OTTProject_OTTProjectUITests.framework */ = {isa = PBXFileReference; explicitFileType = wrapper.framework; includeInIndex = 0; path = Pods_OTTProject_OTTProjectUITests.framework; sourceTree = BUILT_PRODUCTS_DIR; };
		7447041AB4AA01BFE1A1ADCA /* Pods-OTTProject-OTTProjectUITests.debug.xcconfig */ = {isa = PBXFileReference; includeInIndex = 1; lastKnownFileType = text.xcconfig; name = "Pods-OTTProject-OTTProjectUITests.debug.xcconfig"; path = "Target Support Files/Pods-OTTProject-OTTProjectUITests/Pods-OTTProject-OTTProjectUITests.debug.xcconfig"; sourceTree = "<group>"; };
		B01EEAB0F03660B9DFBE8E34 /* Pods-OTTProject-OTTProjectUITests.release.xcconfig */ = {isa = PBXFileReference; includeInIndex = 1; lastKnownFileType = text.xcconfig; name = "Pods-OTTProject-OTTProjectUITests.release.xcconfig"; path = "Target Support Files/Pods-OTTProject-OTTProjectUITests/Pods-OTTProject-OTTProjectUITests.release.xcconfig"; sourceTree = "<group>"; };
		EE1DCEA7D642FE41ABC60BF2 /* Pods_OTTProjectTests.framework */ = {isa = PBXFileReference; explicitFileType = wrapper.framework; includeInIndex = 0; path = Pods_OTTProjectTests.framework; sourceTree = BUILT_PRODUCTS_DIR; };
		F8217900CA98ABB6ECD60A43 /* Pods_OTTProject.framework */ = {isa = PBXFileReference; explicitFileType = wrapper.framework; includeInIndex = 0; path = Pods_OTTProject.framework; sourceTree = BUILT_PRODUCTS_DIR; };
/* End PBXFileReference section */

/* Begin PBXFrameworksBuildPhase section */
		18A526EC298419E200C24CA6 /* Frameworks */ = {
			isa = PBXFrameworksBuildPhase;
			buildActionMask = 2147483647;
			files = (
				3543E54D602943C757921DFF /* Pods_OTTProject.framework in Frameworks */,
			);
			runOnlyForDeploymentPostprocessing = 0;
		};
		18A52705298419E400C24CA6 /* Frameworks */ = {
			isa = PBXFrameworksBuildPhase;
			buildActionMask = 2147483647;
			files = (
				873DFB9554DEF19351B40434 /* Pods_OTTProjectTests.framework in Frameworks */,
			);
			runOnlyForDeploymentPostprocessing = 0;
		};
		18A5270F298419E500C24CA6 /* Frameworks */ = {
			isa = PBXFrameworksBuildPhase;
			buildActionMask = 2147483647;
			files = (
				06FDB10EF535A28E215BDB36 /* Pods_OTTProject_OTTProjectUITests.framework in Frameworks */,
			);
			runOnlyForDeploymentPostprocessing = 0;
		};
/* End PBXFrameworksBuildPhase section */

/* Begin PBXGroup section */
		1887789F298681FC0021A416 /* FAVORITES */ = {
			isa = PBXGroup;
			children = (
				188778A22986822E0021A416 /* Favorites.swift */,
				188778A02986821C0021A416 /* favoriteTVC.swift */,
			);
			path = FAVORITES;
			sourceTree = "<group>";
		};
		188778A4298689000021A416 /* WATCHLATER */ = {
			isa = PBXGroup;
			children = (
				188778A52986891F0021A416 /* Watchlater.swift */,
				188778A7298689350021A416 /* watchlaterTVC.swift */,
			);
			path = WATCHLATER;
			sourceTree = "<group>";
		};
		188778A9298698300021A416 /* SHORTS */ = {
			isa = PBXGroup;
			children = (
				188778AC298698560021A416 /* Shorts.swift */,
				188778AA298698490021A416 /* shortsTVC.swift */,
				188778AE29869B450021A416 /* Complete.swift */,
			);
			path = SHORTS;
			sourceTree = "<group>";
		};
		18A526E6298419E200C24CA6 = {
			isa = PBXGroup;
			children = (
				18B8BE1C29A32B3400F0247F /* Entity+CoreDataClass.swift */,
				18B8BE1D29A32B3400F0247F /* Entity+CoreDataProperties.swift */,
				18A526F1298419E200C24CA6 /* OTTProject */,
				18A5270B298419E400C24CA6 /* OTTProjectTests */,
				18A52715298419E500C24CA6 /* OTTProjectUITests */,
				18A526F0298419E200C24CA6 /* Products */,
				77C4CF6A0D4570C49DC1A87F /* Pods */,
				E80D8800997B08C791E63663 /* Frameworks */,
			);
			sourceTree = "<group>";
		};
		18A526F0298419E200C24CA6 /* Products */ = {
			isa = PBXGroup;
			children = (
				18A526EF298419E200C24CA6 /* OTTProject.app */,
				18A52708298419E400C24CA6 /* OTTProjectTests.xctest */,
				18A52712298419E500C24CA6 /* OTTProjectUITests.xctest */,
			);
			name = Products;
			sourceTree = "<group>";
		};
		18A526F1298419E200C24CA6 /* OTTProject */ = {
			isa = PBXGroup;
			children = (
				18A526F2298419E200C24CA6 /* AppDelegate.swift */,
				18A526F4298419E200C24CA6 /* SceneDelegate.swift */,
				18A5272529841D0900C24CA6 /* Attributea.swift */,
				18BADDA9299C97CA00613438 /* API */,
				18BADDA0299C96FC00613438 /* TABBAR */,
				18A5272C2984337200C24CA6 /* CREATEACCOUNT */,
				18A527272984332900C24CA6 /* SPLASH */,
				18A526F8298419E200C24CA6 /* Main.storyboard */,
				18A526FE298419E400C24CA6 /* Assets.xcassets */,
				18A52700298419E400C24CA6 /* LaunchScreen.storyboard */,
				18A52703298419E400C24CA6 /* Info.plist */,
				18A526FB298419E200C24CA6 /* OTTProject.xcdatamodeld */,
			);
			path = OTTProject;
			sourceTree = "<group>";
		};
		18A5270B298419E400C24CA6 /* OTTProjectTests */ = {
			isa = PBXGroup;
			children = (
				18A5270C298419E400C24CA6 /* OTTProjectTests.swift */,
			);
			path = OTTProjectTests;
			sourceTree = "<group>";
		};
		18A52715298419E500C24CA6 /* OTTProjectUITests */ = {
			isa = PBXGroup;
			children = (
				18A52716298419E500C24CA6 /* OTTProjectUITests.swift */,
				18A52718298419E500C24CA6 /* OTTProjectUITestsLaunchTests.swift */,
			);
			path = OTTProjectUITests;
			sourceTree = "<group>";
		};
		18A527272984332900C24CA6 /* SPLASH */ = {
			isa = PBXGroup;
			children = (
				18A526F6298419E200C24CA6 /* ViewController.swift */,
				18A527282984334C00C24CA6 /* ViewController2.swift */,
				18A5272A2984335800C24CA6 /* ViewController3.swift */,
			);
			path = SPLASH;
			sourceTree = "<group>";
		};
		18A5272C2984337200C24CA6 /* CREATEACCOUNT */ = {
			isa = PBXGroup;
			children = (
				18A5272D2984491A00C24CA6 /* Signin.swift */,
				18A5272F2984493600C24CA6 /* SignUp.swift */,
				18A5273129844BBD00C24CA6 /* ChooseLanguage.swift */,
				18A5273529844C3900C24CA6 /* chooselanguageCVC.swift */,
				18A52739298454E800C24CA6 /* Interst.swift */,
				18A52737298454D400C24CA6 /* interestCVC.swift */,
			);
			path = CREATEACCOUNT;
			sourceTree = "<group>";
		};
		18A6E37E29855535006E5E35 /* HOME */ = {
			isa = PBXGroup;
			children = (
				18C25C74299DEFA000635459 /* COMMINGSOON */,
				18A6E37F29855551006E5E35 /* Home.swift */,
				18A6E3812985557B006E5E35 /* homeTVC1.swift */,
				18A6E3832985558A006E5E35 /* homeTVC2.swift */,
				18C25C70299DECAE00635459 /* homeTVC3.swift */,
				18C25C72299DECB800635459 /* homeTVC4.swift */,
				18BB5AF3299E7AF6006D6629 /* homeTVC5.swift */,
				18A6E385298555C1006E5E35 /* tvc2CVC2.swift */,
				18A6E38729855F61006E5E35 /* tvc3CVC3.swift */,
				18C25C75299DF24C00635459 /* tvc4CVC4.swift */,
				18BB5AF5299E7B15006D6629 /* tvc5CVC5.swift */,
			);
			path = HOME;
			sourceTree = "<group>";
		};
		18A6E39B29859011006E5E35 /* SIDE MENU */ = {
			isa = PBXGroup;
			children = (
				18A6E38929856C2C006E5E35 /* Profile.swift */,
				18E7A502299A6EF100D5E8D5 /* Sidemenu.swift */,
				18A6E38B29856D10006E5E35 /* Language.swift */,
				18A6E38D29856D38006E5E35 /* languageCVC.swift */,
				18A6E38F29856F60006E5E35 /* Joners.swift */,
				18A6E39129856F72006E5E35 /* jonersCVC.swift */,
				18A6E39729858C21006E5E35 /* KIdsCorner.swift */,
				18A6E39929858C2F006E5E35 /* kidsCVC.swift */,
				18A6E393298574F0006E5E35 /* PopularonTV.swift */,
				18A6E39529857509006E5E35 /* popularTVC.swift */,
			);
			path = "SIDE MENU";
			sourceTree = "<group>";
		};
		18AB203D29867A8F00CF4968 /* DOWNLOADS */ = {
			isa = PBXGroup;
			children = (
				18AB203E29867AB600CF4968 /* Downloads.swift */,
				18AB204029867ACB00CF4968 /* downloadTVC.swift */,
			);
			path = DOWNLOADS;
			sourceTree = "<group>";
		};
		18BADD9F299C96D900613438 /* PREVIEW */ = {
			isa = PBXGroup;
			children = (
				18A6E39C29859DD2006E5E35 /* MovieDetails.swift */,
				18A6E39E29859FBE006E5E35 /* moviedetailCVC.swift */,
			);
			path = PREVIEW;
			sourceTree = "<group>";
		};
		18BADDA0299C96FC00613438 /* TABBAR */ = {
			isa = PBXGroup;
			children = (
				188778B029869BDF0021A416 /* TABBAR.swift */,
				18C47A7E29AE7DC200ACECDE /* Searchbar.swift */,
				18A6E37E29855535006E5E35 /* HOME */,
				18A6E39B29859011006E5E35 /* SIDE MENU */,
				1887789F298681FC0021A416 /* FAVORITES */,
				18BADD9F299C96D900613438 /* PREVIEW */,
				188778A9298698300021A416 /* SHORTS */,
				188778A4298689000021A416 /* WATCHLATER */,
				18AB203D29867A8F00CF4968 /* DOWNLOADS */,
			);
			path = TABBAR;
			sourceTree = "<group>";
		};
		18BADDA9299C97CA00613438 /* API */ = {
			isa = PBXGroup;
			children = (
				18BADDA3299C978300613438 /* URLcollection.swift */,
				18BADDA7299C97C500613438 /* Modelclass.swift */,
				18BADDA1299C977100613438 /* ApiNetworking.swift */,
				18B8BE1629A3298300F0247F /* Koredata.swift */,
			);
			path = API;
			sourceTree = "<group>";
		};
		18C25C74299DEFA000635459 /* COMMINGSOON */ = {
			isa = PBXGroup;
			children = (
				18E7A508299AAB4E00D5E8D5 /* cntvcCVC.swift */,
				18E7A504299AAB2700D5E8D5 /* Commingsoon.swift */,
				18E7A506299AAB3C00D5E8D5 /* csTVC.swift */,
			);
			path = COMMINGSOON;
			sourceTree = "<group>";
		};
		77C4CF6A0D4570C49DC1A87F /* Pods */ = {
			isa = PBXGroup;
			children = (
				19B8EB4363BA9BC5FB139EC3 /* Pods-OTTProject.debug.xcconfig */,
				0D0B447F97149CA222121D24 /* Pods-OTTProject.release.xcconfig */,
				7447041AB4AA01BFE1A1ADCA /* Pods-OTTProject-OTTProjectUITests.debug.xcconfig */,
				B01EEAB0F03660B9DFBE8E34 /* Pods-OTTProject-OTTProjectUITests.release.xcconfig */,
				1C01A5CFE259214DBED3CCA5 /* Pods-OTTProjectTests.debug.xcconfig */,
				6AE5E08629F4DE42956DEFCB /* Pods-OTTProjectTests.release.xcconfig */,
			);
			path = Pods;
			sourceTree = "<group>";
		};
		E80D8800997B08C791E63663 /* Frameworks */ = {
			isa = PBXGroup;
			children = (
				F8217900CA98ABB6ECD60A43 /* Pods_OTTProject.framework */,
				6C2D7D68A4F4FBE8BD0A9C23 /* Pods_OTTProject_OTTProjectUITests.framework */,
				EE1DCEA7D642FE41ABC60BF2 /* Pods_OTTProjectTests.framework */,
			);
			name = Frameworks;
			sourceTree = "<group>";
		};
/* End PBXGroup section */

/* Begin PBXNativeTarget section */
		18A526EE298419E200C24CA6 /* OTTProject */ = {
			isa = PBXNativeTarget;
			buildConfigurationList = 18A5271C298419E500C24CA6 /* Build configuration list for PBXNativeTarget "OTTProject" */;
			buildPhases = (
				B484971319FF2BCF9155CDFE /* [CP] Check Pods Manifest.lock */,
				18A526EB298419E200C24CA6 /* Sources */,
				18A526EC298419E200C24CA6 /* Frameworks */,
				18A526ED298419E200C24CA6 /* Resources */,
				668540F35F14F568D7F7E00F /* [CP] Embed Pods Frameworks */,
			);
			buildRules = (
			);
			dependencies = (
			);
			name = OTTProject;
			productName = OTTProject;
			productReference = 18A526EF298419E200C24CA6 /* OTTProject.app */;
			productType = "com.apple.product-type.application";
		};
		18A52707298419E400C24CA6 /* OTTProjectTests */ = {
			isa = PBXNativeTarget;
			buildConfigurationList = 18A5271F298419E500C24CA6 /* Build configuration list for PBXNativeTarget "OTTProjectTests" */;
			buildPhases = (
				1477CDDDBA8078F4B7C912E8 /* [CP] Check Pods Manifest.lock */,
				18A52704298419E400C24CA6 /* Sources */,
				18A52705298419E400C24CA6 /* Frameworks */,
				18A52706298419E400C24CA6 /* Resources */,
			);
			buildRules = (
			);
			dependencies = (
				18A5270A298419E400C24CA6 /* PBXTargetDependency */,
			);
			name = OTTProjectTests;
			productName = OTTProjectTests;
			productReference = 18A52708298419E400C24CA6 /* OTTProjectTests.xctest */;
			productType = "com.apple.product-type.bundle.unit-test";
		};
		18A52711298419E500C24CA6 /* OTTProjectUITests */ = {
			isa = PBXNativeTarget;
			buildConfigurationList = 18A52722298419E500C24CA6 /* Build configuration list for PBXNativeTarget "OTTProjectUITests" */;
			buildPhases = (
				80C5A8867C446EA10E64AF24 /* [CP] Check Pods Manifest.lock */,
				18A5270E298419E500C24CA6 /* Sources */,
				18A5270F298419E500C24CA6 /* Frameworks */,
				18A52710298419E500C24CA6 /* Resources */,
				81AB5850628B5BCAB57BDAB1 /* [CP] Embed Pods Frameworks */,
			);
			buildRules = (
			);
			dependencies = (
				18A52714298419E500C24CA6 /* PBXTargetDependency */,
			);
			name = OTTProjectUITests;
			productName = OTTProjectUITests;
			productReference = 18A52712298419E500C24CA6 /* OTTProjectUITests.xctest */;
			productType = "com.apple.product-type.bundle.ui-testing";
		};
/* End PBXNativeTarget section */

/* Begin PBXProject section */
		18A526E7298419E200C24CA6 /* Project object */ = {
			isa = PBXProject;
			attributes = {
				BuildIndependentTargetsInParallel = 1;
				LastSwiftUpdateCheck = 1420;
				LastUpgradeCheck = 1420;
				TargetAttributes = {
					18A526EE298419E200C24CA6 = {
						CreatedOnToolsVersion = 14.2;
					};
					18A52707298419E400C24CA6 = {
						CreatedOnToolsVersion = 14.2;
						TestTargetID = 18A526EE298419E200C24CA6;
					};
					18A52711298419E500C24CA6 = {
						CreatedOnToolsVersion = 14.2;
						TestTargetID = 18A526EE298419E200C24CA6;
					};
				};
			};
			buildConfigurationList = 18A526EA298419E200C24CA6 /* Build configuration list for PBXProject "OTTProject" */;
			compatibilityVersion = "Xcode 14.0";
			developmentRegion = en;
			hasScannedForEncodings = 0;
			knownRegions = (
				en,
				Base,
			);
			mainGroup = 18A526E6298419E200C24CA6;
			productRefGroup = 18A526F0298419E200C24CA6 /* Products */;
			projectDirPath = "";
			projectRoot = "";
			targets = (
				18A526EE298419E200C24CA6 /* OTTProject */,
				18A52707298419E400C24CA6 /* OTTProjectTests */,
				18A52711298419E500C24CA6 /* OTTProjectUITests */,
			);
		};
/* End PBXProject section */

/* Begin PBXResourcesBuildPhase section */
		18A526ED298419E200C24CA6 /* Resources */ = {
			isa = PBXResourcesBuildPhase;
			buildActionMask = 2147483647;
			files = (
				18A52702298419E400C24CA6 /* LaunchScreen.storyboard in Resources */,
				18A526FF298419E400C24CA6 /* Assets.xcassets in Resources */,
				18A526FA298419E200C24CA6 /* Main.storyboard in Resources */,
			);
			runOnlyForDeploymentPostprocessing = 0;
		};
		18A52706298419E400C24CA6 /* Resources */ = {
			isa = PBXResourcesBuildPhase;
			buildActionMask = 2147483647;
			files = (
			);
			runOnlyForDeploymentPostprocessing = 0;
		};
		18A52710298419E500C24CA6 /* Resources */ = {
			isa = PBXResourcesBuildPhase;
			buildActionMask = 2147483647;
			files = (
			);
			runOnlyForDeploymentPostprocessing = 0;
		};
/* End PBXResourcesBuildPhase section */

/* Begin PBXShellScriptBuildPhase section */
		1477CDDDBA8078F4B7C912E8 /* [CP] Check Pods Manifest.lock */ = {
			isa = PBXShellScriptBuildPhase;
			buildActionMask = 2147483647;
			files = (
			);
			inputFileListPaths = (
			);
			inputPaths = (
				"${PODS_PODFILE_DIR_PATH}/Podfile.lock",
				"${PODS_ROOT}/Manifest.lock",
			);
			name = "[CP] Check Pods Manifest.lock";
			outputFileListPaths = (
			);
			outputPaths = (
				"$(DERIVED_FILE_DIR)/Pods-OTTProjectTests-checkManifestLockResult.txt",
			);
			runOnlyForDeploymentPostprocessing = 0;
			shellPath = /bin/sh;
			shellScript = "diff \"${PODS_PODFILE_DIR_PATH}/Podfile.lock\" \"${PODS_ROOT}/Manifest.lock\" > /dev/null\nif [ $? != 0 ] ; then\n    # print error to STDERR\n    echo \"error: The sandbox is not in sync with the Podfile.lock. Run 'pod install' or update your CocoaPods installation.\" >&2\n    exit 1\nfi\n# This output is used by Xcode 'outputs' to avoid re-running this script phase.\necho \"SUCCESS\" > \"${SCRIPT_OUTPUT_FILE_0}\"\n";
			showEnvVarsInLog = 0;
		};
		668540F35F14F568D7F7E00F /* [CP] Embed Pods Frameworks */ = {
			isa = PBXShellScriptBuildPhase;
			buildActionMask = 2147483647;
			files = (
			);
			inputFileListPaths = (
				"${PODS_ROOT}/Target Support Files/Pods-OTTProject/Pods-OTTProject-frameworks-${CONFIGURATION}-input-files.xcfilelist",
			);
			name = "[CP] Embed Pods Frameworks";
			outputFileListPaths = (
				"${PODS_ROOT}/Target Support Files/Pods-OTTProject/Pods-OTTProject-frameworks-${CONFIGURATION}-output-files.xcfilelist",
			);
			runOnlyForDeploymentPostprocessing = 0;
			shellPath = /bin/sh;
			shellScript = "\"${PODS_ROOT}/Target Support Files/Pods-OTTProject/Pods-OTTProject-frameworks.sh\"\n";
			showEnvVarsInLog = 0;
		};
		80C5A8867C446EA10E64AF24 /* [CP] Check Pods Manifest.lock */ = {
			isa = PBXShellScriptBuildPhase;
			buildActionMask = 2147483647;
			files = (
			);
			inputFileListPaths = (
			);
			inputPaths = (
				"${PODS_PODFILE_DIR_PATH}/Podfile.lock",
				"${PODS_ROOT}/Manifest.lock",
			);
			name = "[CP] Check Pods Manifest.lock";
			outputFileListPaths = (
			);
			outputPaths = (
				"$(DERIVED_FILE_DIR)/Pods-OTTProject-OTTProjectUITests-checkManifestLockResult.txt",
			);
			runOnlyForDeploymentPostprocessing = 0;
			shellPath = /bin/sh;
			shellScript = "diff \"${PODS_PODFILE_DIR_PATH}/Podfile.lock\" \"${PODS_ROOT}/Manifest.lock\" > /dev/null\nif [ $? != 0 ] ; then\n    # print error to STDERR\n    echo \"error: The sandbox is not in sync with the Podfile.lock. Run 'pod install' or update your CocoaPods installation.\" >&2\n    exit 1\nfi\n# This output is used by Xcode 'outputs' to avoid re-running this script phase.\necho \"SUCCESS\" > \"${SCRIPT_OUTPUT_FILE_0}\"\n";
			showEnvVarsInLog = 0;
		};
		81AB5850628B5BCAB57BDAB1 /* [CP] Embed Pods Frameworks */ = {
			isa = PBXShellScriptBuildPhase;
			buildActionMask = 2147483647;
			files = (
			);
			inputFileListPaths = (
				"${PODS_ROOT}/Target Support Files/Pods-OTTProject-OTTProjectUITests/Pods-OTTProject-OTTProjectUITests-frameworks-${CONFIGURATION}-input-files.xcfilelist",
			);
			name = "[CP] Embed Pods Frameworks";
			outputFileListPaths = (
				"${PODS_ROOT}/Target Support Files/Pods-OTTProject-OTTProjectUITests/Pods-OTTProject-OTTProjectUITests-frameworks-${CONFIGURATION}-output-files.xcfilelist",
			);
			runOnlyForDeploymentPostprocessing = 0;
			shellPath = /bin/sh;
			shellScript = "\"${PODS_ROOT}/Target Support Files/Pods-OTTProject-OTTProjectUITests/Pods-OTTProject-OTTProjectUITests-frameworks.sh\"\n";
			showEnvVarsInLog = 0;
		};
		B484971319FF2BCF9155CDFE /* [CP] Check Pods Manifest.lock */ = {
			isa = PBXShellScriptBuildPhase;
			buildActionMask = 2147483647;
			files = (
			);
			inputFileListPaths = (
			);
			inputPaths = (
				"${PODS_PODFILE_DIR_PATH}/Podfile.lock",
				"${PODS_ROOT}/Manifest.lock",
			);
			name = "[CP] Check Pods Manifest.lock";
			outputFileListPaths = (
			);
			outputPaths = (
				"$(DERIVED_FILE_DIR)/Pods-OTTProject-checkManifestLockResult.txt",
			);
			runOnlyForDeploymentPostprocessing = 0;
			shellPath = /bin/sh;
			shellScript = "diff \"${PODS_PODFILE_DIR_PATH}/Podfile.lock\" \"${PODS_ROOT}/Manifest.lock\" > /dev/null\nif [ $? != 0 ] ; then\n    # print error to STDERR\n    echo \"error: The sandbox is not in sync with the Podfile.lock. Run 'pod install' or update your CocoaPods installation.\" >&2\n    exit 1\nfi\n# This output is used by Xcode 'outputs' to avoid re-running this script phase.\necho \"SUCCESS\" > \"${SCRIPT_OUTPUT_FILE_0}\"\n";
			showEnvVarsInLog = 0;
		};
/* End PBXShellScriptBuildPhase section */

/* Begin PBXSourcesBuildPhase section */
		18A526EB298419E200C24CA6 /* Sources */ = {
			isa = PBXSourcesBuildPhase;
			buildActionMask = 2147483647;
			files = (
				18A526F7298419E200C24CA6 /* ViewController.swift in Sources */,
				18AB203F29867AB600CF4968 /* Downloads.swift in Sources */,
				18A6E38C29856D10006E5E35 /* Language.swift in Sources */,
				18A6E3842985558A006E5E35 /* homeTVC2.swift in Sources */,
				18B8BE1E29A32B3400F0247F /* Entity+CoreDataClass.swift in Sources */,
				18A5273A298454E800C24CA6 /* Interst.swift in Sources */,
				18A526FD298419E200C24CA6 /* OTTProject.xcdatamodeld in Sources */,
				188778AF29869B450021A416 /* Complete.swift in Sources */,
				188778AB298698490021A416 /* shortsTVC.swift in Sources */,
				188778B129869BDF0021A416 /* TABBAR.swift in Sources */,
				18A6E3822985557B006E5E35 /* homeTVC1.swift in Sources */,
				18A6E394298574F0006E5E35 /* PopularonTV.swift in Sources */,
				18A5273629844C3900C24CA6 /* chooselanguageCVC.swift in Sources */,
				18B8BE1729A3298300F0247F /* Koredata.swift in Sources */,
				18A5273229844BBD00C24CA6 /* ChooseLanguage.swift in Sources */,
				18A6E39A29858C2F006E5E35 /* kidsCVC.swift in Sources */,
				18C25C76299DF24C00635459 /* tvc4CVC4.swift in Sources */,
				18A526F3298419E200C24CA6 /* AppDelegate.swift in Sources */,
				18A6E38029855551006E5E35 /* Home.swift in Sources */,
				188778A8298689350021A416 /* watchlaterTVC.swift in Sources */,
				18E7A507299AAB3C00D5E8D5 /* csTVC.swift in Sources */,
				18C25C71299DECAE00635459 /* homeTVC3.swift in Sources */,
				18A526F5298419E200C24CA6 /* SceneDelegate.swift in Sources */,
				18A52738298454D400C24CA6 /* interestCVC.swift in Sources */,
				18BADDA2299C977100613438 /* ApiNetworking.swift in Sources */,
				18A6E38E29856D38006E5E35 /* languageCVC.swift in Sources */,
				18BADDA4299C978300613438 /* URLcollection.swift in Sources */,
				18A6E39D29859DD2006E5E35 /* MovieDetails.swift in Sources */,
				18BADDA8299C97C500613438 /* Modelclass.swift in Sources */,
				18A6E386298555C1006E5E35 /* tvc2CVC2.swift in Sources */,
				18B8BE1F29A32B3400F0247F /* Entity+CoreDataProperties.swift in Sources */,
				18BB5AF4299E7AF6006D6629 /* homeTVC5.swift in Sources */,
				18BB5AF6299E7B15006D6629 /* tvc5CVC5.swift in Sources */,
				188778A62986891F0021A416 /* Watchlater.swift in Sources */,
				18AB204129867ACB00CF4968 /* downloadTVC.swift in Sources */,
				18A5272629841D0900C24CA6 /* Attributea.swift in Sources */,
				18A5272B2984335800C24CA6 /* ViewController3.swift in Sources */,
				18A6E39029856F60006E5E35 /* Joners.swift in Sources */,
				18E7A509299AAB4E00D5E8D5 /* cntvcCVC.swift in Sources */,
				18A6E39629857509006E5E35 /* popularTVC.swift in Sources */,
				18A6E39829858C21006E5E35 /* KIdsCorner.swift in Sources */,
				18A527292984334C00C24CA6 /* ViewController2.swift in Sources */,
				188778A12986821C0021A416 /* favoriteTVC.swift in Sources */,
				18C25C73299DECB800635459 /* homeTVC4.swift in Sources */,
				18A527302984493600C24CA6 /* SignUp.swift in Sources */,
				188778A32986822E0021A416 /* Favorites.swift in Sources */,
				18A6E39229856F72006E5E35 /* jonersCVC.swift in Sources */,
				18A6E38A29856C2C006E5E35 /* Profile.swift in Sources */,
				18E7A503299A6EF100D5E8D5 /* Sidemenu.swift in Sources */,
				188778AD298698560021A416 /* Shorts.swift in Sources */,
				18E7A505299AAB2700D5E8D5 /* Commingsoon.swift in Sources */,
				18A6E38829855F61006E5E35 /* tvc3CVC3.swift in Sources */,
				18C47A7F29AE7DC200ACECDE /* Searchbar.swift in Sources */,
				18A6E39F29859FBE006E5E35 /* moviedetailCVC.swift in Sources */,
				18A5272E2984491A00C24CA6 /* Signin.swift in Sources */,
			);
			runOnlyForDeploymentPostprocessing = 0;
		};
		18A52704298419E400C24CA6 /* Sources */ = {
			isa = PBXSourcesBuildPhase;
			buildActionMask = 2147483647;
			files = (
				18A5270D298419E400C24CA6 /* OTTProjectTests.swift in Sources */,
			);
			runOnlyForDeploymentPostprocessing = 0;
		};
		18A5270E298419E500C24CA6 /* Sources */ = {
			isa = PBXSourcesBuildPhase;
			buildActionMask = 2147483647;
			files = (
				18A52719298419E500C24CA6 /* OTTProjectUITestsLaunchTests.swift in Sources */,
				18A52717298419E500C24CA6 /* OTTProjectUITests.swift in Sources */,
			);
			runOnlyForDeploymentPostprocessing = 0;
		};
/* End PBXSourcesBuildPhase section */

/* Begin PBXTargetDependency section */
		18A5270A298419E400C24CA6 /* PBXTargetDependency */ = {
			isa = PBXTargetDependency;
			target = 18A526EE298419E200C24CA6 /* OTTProject */;
			targetProxy = 18A52709298419E400C24CA6 /* PBXContainerItemProxy */;
		};
		18A52714298419E500C24CA6 /* PBXTargetDependency */ = {
			isa = PBXTargetDependency;
			target = 18A526EE298419E200C24CA6 /* OTTProject */;
			targetProxy = 18A52713298419E500C24CA6 /* PBXContainerItemProxy */;
		};
/* End PBXTargetDependency section */

/* Begin PBXVariantGroup section */
		18A526F8298419E200C24CA6 /* Main.storyboard */ = {
			isa = PBXVariantGroup;
			children = (
				18A526F9298419E200C24CA6 /* Base */,
			);
			name = Main.storyboard;
			sourceTree = "<group>";
		};
		18A52700298419E400C24CA6 /* LaunchScreen.storyboard */ = {
			isa = PBXVariantGroup;
			children = (
				18A52701298419E400C24CA6 /* Base */,
			);
			name = LaunchScreen.storyboard;
			sourceTree = "<group>";
		};
/* End PBXVariantGroup section */

/* Begin XCBuildConfiguration section */
		18A5271A298419E500C24CA6 /* Debug */ = {
			isa = XCBuildConfiguration;
			buildSettings = {
				ALWAYS_SEARCH_USER_PATHS = NO;
				CLANG_ANALYZER_NONNULL = YES;
				CLANG_ANALYZER_NUMBER_OBJECT_CONVERSION = YES_AGGRESSIVE;
				CLANG_CXX_LANGUAGE_STANDARD = "gnu++20";
				CLANG_ENABLE_MODULES = YES;
				CLANG_ENABLE_OBJC_ARC = YES;
				CLANG_ENABLE_OBJC_WEAK = YES;
				CLANG_WARN_BLOCK_CAPTURE_AUTORELEASING = YES;
				CLANG_WARN_BOOL_CONVERSION = YES;
				CLANG_WARN_COMMA = YES;
				CLANG_WARN_CONSTANT_CONVERSION = YES;
				CLANG_WARN_DEPRECATED_OBJC_IMPLEMENTATIONS = YES;
				CLANG_WARN_DIRECT_OBJC_ISA_USAGE = YES_ERROR;
				CLANG_WARN_DOCUMENTATION_COMMENTS = YES;
				CLANG_WARN_EMPTY_BODY = YES;
				CLANG_WARN_ENUM_CONVERSION = YES;
				CLANG_WARN_INFINITE_RECURSION = YES;
				CLANG_WARN_INT_CONVERSION = YES;
				CLANG_WARN_NON_LITERAL_NULL_CONVERSION = YES;
				CLANG_WARN_OBJC_IMPLICIT_RETAIN_SELF = YES;
				CLANG_WARN_OBJC_LITERAL_CONVERSION = YES;
				CLANG_WARN_OBJC_ROOT_CLASS = YES_ERROR;
				CLANG_WARN_QUOTED_INCLUDE_IN_FRAMEWORK_HEADER = YES;
				CLANG_WARN_RANGE_LOOP_ANALYSIS = YES;
				CLANG_WARN_STRICT_PROTOTYPES = YES;
				CLANG_WARN_SUSPICIOUS_MOVE = YES;
				CLANG_WARN_UNGUARDED_AVAILABILITY = YES_AGGRESSIVE;
				CLANG_WARN_UNREACHABLE_CODE = YES;
				CLANG_WARN__DUPLICATE_METHOD_MATCH = YES;
				COPY_PHASE_STRIP = NO;
				DEBUG_INFORMATION_FORMAT = dwarf;
				ENABLE_STRICT_OBJC_MSGSEND = YES;
				ENABLE_TESTABILITY = YES;
				GCC_C_LANGUAGE_STANDARD = gnu11;
				GCC_DYNAMIC_NO_PIC = NO;
				GCC_NO_COMMON_BLOCKS = YES;
				GCC_OPTIMIZATION_LEVEL = 0;
				GCC_PREPROCESSOR_DEFINITIONS = (
					"DEBUG=1",
					"$(inherited)",
				);
				GCC_WARN_64_TO_32_BIT_CONVERSION = YES;
				GCC_WARN_ABOUT_RETURN_TYPE = YES_ERROR;
				GCC_WARN_UNDECLARED_SELECTOR = YES;
				GCC_WARN_UNINITIALIZED_AUTOS = YES_AGGRESSIVE;
				GCC_WARN_UNUSED_FUNCTION = YES;
				GCC_WARN_UNUSED_VARIABLE = YES;
				IPHONEOS_DEPLOYMENT_TARGET = 16.2;
				MTL_ENABLE_DEBUG_INFO = INCLUDE_SOURCE;
				MTL_FAST_MATH = YES;
				ONLY_ACTIVE_ARCH = YES;
				SDKROOT = iphoneos;
				SWIFT_ACTIVE_COMPILATION_CONDITIONS = DEBUG;
				SWIFT_OPTIMIZATION_LEVEL = "-Onone";
			};
			name = Debug;
		};
		18A5271B298419E500C24CA6 /* Release */ = {
			isa = XCBuildConfiguration;
			buildSettings = {
				ALWAYS_SEARCH_USER_PATHS = NO;
				CLANG_ANALYZER_NONNULL = YES;
				CLANG_ANALYZER_NUMBER_OBJECT_CONVERSION = YES_AGGRESSIVE;
				CLANG_CXX_LANGUAGE_STANDARD = "gnu++20";
				CLANG_ENABLE_MODULES = YES;
				CLANG_ENABLE_OBJC_ARC = YES;
				CLANG_ENABLE_OBJC_WEAK = YES;
				CLANG_WARN_BLOCK_CAPTURE_AUTORELEASING = YES;
				CLANG_WARN_BOOL_CONVERSION = YES;
				CLANG_WARN_COMMA = YES;
				CLANG_WARN_CONSTANT_CONVERSION = YES;
				CLANG_WARN_DEPRECATED_OBJC_IMPLEMENTATIONS = YES;
				CLANG_WARN_DIRECT_OBJC_ISA_USAGE = YES_ERROR;
				CLANG_WARN_DOCUMENTATION_COMMENTS = YES;
				CLANG_WARN_EMPTY_BODY = YES;
				CLANG_WARN_ENUM_CONVERSION = YES;
				CLANG_WARN_INFINITE_RECURSION = YES;
				CLANG_WARN_INT_CONVERSION = YES;
				CLANG_WARN_NON_LITERAL_NULL_CONVERSION = YES;
				CLANG_WARN_OBJC_IMPLICIT_RETAIN_SELF = YES;
				CLANG_WARN_OBJC_LITERAL_CONVERSION = YES;
				CLANG_WARN_OBJC_ROOT_CLASS = YES_ERROR;
				CLANG_WARN_QUOTED_INCLUDE_IN_FRAMEWORK_HEADER = YES;
				CLANG_WARN_RANGE_LOOP_ANALYSIS = YES;
				CLANG_WARN_STRICT_PROTOTYPES = YES;
				CLANG_WARN_SUSPICIOUS_MOVE = YES;
				CLANG_WARN_UNGUARDED_AVAILABILITY = YES_AGGRESSIVE;
				CLANG_WARN_UNREACHABLE_CODE = YES;
				CLANG_WARN__DUPLICATE_METHOD_MATCH = YES;
				COPY_PHASE_STRIP = NO;
				DEBUG_INFORMATION_FORMAT = "dwarf-with-dsym";
				ENABLE_NS_ASSERTIONS = NO;
				ENABLE_STRICT_OBJC_MSGSEND = YES;
				GCC_C_LANGUAGE_STANDARD = gnu11;
				GCC_NO_COMMON_BLOCKS = YES;
				GCC_WARN_64_TO_32_BIT_CONVERSION = YES;
				GCC_WARN_ABOUT_RETURN_TYPE = YES_ERROR;
				GCC_WARN_UNDECLARED_SELECTOR = YES;
				GCC_WARN_UNINITIALIZED_AUTOS = YES_AGGRESSIVE;
				GCC_WARN_UNUSED_FUNCTION = YES;
				GCC_WARN_UNUSED_VARIABLE = YES;
				IPHONEOS_DEPLOYMENT_TARGET = 16.2;
				MTL_ENABLE_DEBUG_INFO = NO;
				MTL_FAST_MATH = YES;
				SDKROOT = iphoneos;
				SWIFT_COMPILATION_MODE = wholemodule;
				SWIFT_OPTIMIZATION_LEVEL = "-O";
				VALIDATE_PRODUCT = YES;
			};
			name = Release;
		};
		18A5271D298419E500C24CA6 /* Debug */ = {
			isa = XCBuildConfiguration;
			baseConfigurationReference = 19B8EB4363BA9BC5FB139EC3 /* Pods-OTTProject.debug.xcconfig */;
			buildSettings = {
				ASSETCATALOG_COMPILER_APPICON_NAME = AppIcon;
				ASSETCATALOG_COMPILER_GLOBAL_ACCENT_COLOR_NAME = AccentColor;
				CODE_SIGN_STYLE = Automatic;
				CURRENT_PROJECT_VERSION = 1;
				DEVELOPMENT_TEAM = 6VGWYDBQ54;
				GENERATE_INFOPLIST_FILE = YES;
				INFOPLIST_FILE = OTTProject/Info.plist;
				INFOPLIST_KEY_UIApplicationSupportsIndirectInputEvents = YES;
				INFOPLIST_KEY_UILaunchStoryboardName = LaunchScreen;
				INFOPLIST_KEY_UIMainStoryboardFile = Main;
				INFOPLIST_KEY_UISupportedInterfaceOrientations_iPad = "UIInterfaceOrientationPortrait UIInterfaceOrientationPortraitUpsideDown UIInterfaceOrientationLandscapeLeft UIInterfaceOrientationLandscapeRight";
				INFOPLIST_KEY_UISupportedInterfaceOrientations_iPhone = "UIInterfaceOrientationPortrait UIInterfaceOrientationLandscapeLeft UIInterfaceOrientationLandscapeRight";
				IPHONEOS_DEPLOYMENT_TARGET = 14.1;
				LD_RUNPATH_SEARCH_PATHS = (
					"$(inherited)",
					"@executable_path/Frameworks",
				);
				MARKETING_VERSION = 1.0;
				PRODUCT_BUNDLE_IDENTIFIER = JOTECH.OTTProject;
				PRODUCT_NAME = "$(TARGET_NAME)";
				SWIFT_EMIT_LOC_STRINGS = YES;
				SWIFT_VERSION = 5.0;
				TARGETED_DEVICE_FAMILY = "1,2";
			};
			name = Debug;
		};
		18A5271E298419E500C24CA6 /* Release */ = {
			isa = XCBuildConfiguration;
			baseConfigurationReference = 0D0B447F97149CA222121D24 /* Pods-OTTProject.release.xcconfig */;
			buildSettings = {
				ASSETCATALOG_COMPILER_APPICON_NAME = AppIcon;
				ASSETCATALOG_COMPILER_GLOBAL_ACCENT_COLOR_NAME = AccentColor;
				CODE_SIGN_STYLE = Automatic;
				CURRENT_PROJECT_VERSION = 1;
				DEVELOPMENT_TEAM = 6VGWYDBQ54;
				GENERATE_INFOPLIST_FILE = YES;
				INFOPLIST_FILE = OTTProject/Info.plist;
				INFOPLIST_KEY_UIApplicationSupportsIndirectInputEvents = YES;
				INFOPLIST_KEY_UILaunchStoryboardName = LaunchScreen;
				INFOPLIST_KEY_UIMainStoryboardFile = Main;
				INFOPLIST_KEY_UISupportedInterfaceOrientations_iPad = "UIInterfaceOrientationPortrait UIInterfaceOrientationPortraitUpsideDown UIInterfaceOrientationLandscapeLeft UIInterfaceOrientationLandscapeRight";
				INFOPLIST_KEY_UISupportedInterfaceOrientations_iPhone = "UIInterfaceOrientationPortrait UIInterfaceOrientationLandscapeLeft UIInterfaceOrientationLandscapeRight";
				IPHONEOS_DEPLOYMENT_TARGET = 14.1;
				LD_RUNPATH_SEARCH_PATHS = (
					"$(inherited)",
					"@executable_path/Frameworks",
				);
				MARKETING_VERSION = 1.0;
				PRODUCT_BUNDLE_IDENTIFIER = JOTECH.OTTProject;
				PRODUCT_NAME = "$(TARGET_NAME)";
				SWIFT_EMIT_LOC_STRINGS = YES;
				SWIFT_VERSION = 5.0;
				TARGETED_DEVICE_FAMILY = "1,2";
			};
			name = Release;
		};
		18A52720298419E500C24CA6 /* Debug */ = {
			isa = XCBuildConfiguration;
			baseConfigurationReference = 1C01A5CFE259214DBED3CCA5 /* Pods-OTTProjectTests.debug.xcconfig */;
			buildSettings = {
				ALWAYS_EMBED_SWIFT_STANDARD_LIBRARIES = YES;
				BUNDLE_LOADER = "$(TEST_HOST)";
				CODE_SIGN_STYLE = Automatic;
				CURRENT_PROJECT_VERSION = 1;
				DEVELOPMENT_TEAM = 6VGWYDBQ54;
				GENERATE_INFOPLIST_FILE = YES;
				IPHONEOS_DEPLOYMENT_TARGET = 16.2;
				MARKETING_VERSION = 1.0;
				PRODUCT_BUNDLE_IDENTIFIER = JOTECH.OTTProjectTests;
				PRODUCT_NAME = "$(TARGET_NAME)";
				SWIFT_EMIT_LOC_STRINGS = NO;
				SWIFT_VERSION = 5.0;
				TARGETED_DEVICE_FAMILY = "1,2";
				TEST_HOST = "$(BUILT_PRODUCTS_DIR)/OTTProject.app/$(BUNDLE_EXECUTABLE_FOLDER_PATH)/OTTProject";
			};
			name = Debug;
		};
		18A52721298419E500C24CA6 /* Release */ = {
			isa = XCBuildConfiguration;
			baseConfigurationReference = 6AE5E08629F4DE42956DEFCB /* Pods-OTTProjectTests.release.xcconfig */;
			buildSettings = {
				ALWAYS_EMBED_SWIFT_STANDARD_LIBRARIES = YES;
				BUNDLE_LOADER = "$(TEST_HOST)";
				CODE_SIGN_STYLE = Automatic;
				CURRENT_PROJECT_VERSION = 1;
				DEVELOPMENT_TEAM = 6VGWYDBQ54;
				GENERATE_INFOPLIST_FILE = YES;
				IPHONEOS_DEPLOYMENT_TARGET = 16.2;
				MARKETING_VERSION = 1.0;
				PRODUCT_BUNDLE_IDENTIFIER = JOTECH.OTTProjectTests;
				PRODUCT_NAME = "$(TARGET_NAME)";
				SWIFT_EMIT_LOC_STRINGS = NO;
				SWIFT_VERSION = 5.0;
				TARGETED_DEVICE_FAMILY = "1,2";
				TEST_HOST = "$(BUILT_PRODUCTS_DIR)/OTTProject.app/$(BUNDLE_EXECUTABLE_FOLDER_PATH)/OTTProject";
			};
			name = Release;
		};
		18A52723298419E500C24CA6 /* Debug */ = {
			isa = XCBuildConfiguration;
			baseConfigurationReference = 7447041AB4AA01BFE1A1ADCA /* Pods-OTTProject-OTTProjectUITests.debug.xcconfig */;
			buildSettings = {
				ALWAYS_EMBED_SWIFT_STANDARD_LIBRARIES = YES;
				CODE_SIGN_STYLE = Automatic;
				CURRENT_PROJECT_VERSION = 1;
				DEVELOPMENT_TEAM = 6VGWYDBQ54;
				GENERATE_INFOPLIST_FILE = YES;
				MARKETING_VERSION = 1.0;
				PRODUCT_BUNDLE_IDENTIFIER = JOTECH.OTTProjectUITests;
				PRODUCT_NAME = "$(TARGET_NAME)";
				SWIFT_EMIT_LOC_STRINGS = NO;
				SWIFT_VERSION = 5.0;
				TARGETED_DEVICE_FAMILY = "1,2";
				TEST_TARGET_NAME = OTTProject;
			};
			name = Debug;
		};
		18A52724298419E500C24CA6 /* Release */ = {
			isa = XCBuildConfiguration;
			baseConfigurationReference = B01EEAB0F03660B9DFBE8E34 /* Pods-OTTProject-OTTProjectUITests.release.xcconfig */;
			buildSettings = {
				ALWAYS_EMBED_SWIFT_STANDARD_LIBRARIES = YES;
				CODE_SIGN_STYLE = Automatic;
				CURRENT_PROJECT_VERSION = 1;
				DEVELOPMENT_TEAM = 6VGWYDBQ54;
				GENERATE_INFOPLIST_FILE = YES;
				MARKETING_VERSION = 1.0;
				PRODUCT_BUNDLE_IDENTIFIER = JOTECH.OTTProjectUITests;
				PRODUCT_NAME = "$(TARGET_NAME)";
				SWIFT_EMIT_LOC_STRINGS = NO;
				SWIFT_VERSION = 5.0;
				TARGETED_DEVICE_FAMILY = "1,2";
				TEST_TARGET_NAME = OTTProject;
			};
			name = Release;
		};
/* End XCBuildConfiguration section */

/* Begin XCConfigurationList section */
		18A526EA298419E200C24CA6 /* Build configuration list for PBXProject "OTTProject" */ = {
			isa = XCConfigurationList;
			buildConfigurations = (
				18A5271A298419E500C24CA6 /* Debug */,
				18A5271B298419E500C24CA6 /* Release */,
			);
			defaultConfigurationIsVisible = 0;
			defaultConfigurationName = Release;
		};
		18A5271C298419E500C24CA6 /* Build configuration list for PBXNativeTarget "OTTProject" */ = {
			isa = XCConfigurationList;
			buildConfigurations = (
				18A5271D298419E500C24CA6 /* Debug */,
				18A5271E298419E500C24CA6 /* Release */,
			);
			defaultConfigurationIsVisible = 0;
			defaultConfigurationName = Release;
		};
		18A5271F298419E500C24CA6 /* Build configuration list for PBXNativeTarget "OTTProjectTests" */ = {
			isa = XCConfigurationList;
			buildConfigurations = (
				18A52720298419E500C24CA6 /* Debug */,
				18A52721298419E500C24CA6 /* Release */,
			);
			defaultConfigurationIsVisible = 0;
			defaultConfigurationName = Release;
		};
		18A52722298419E500C24CA6 /* Build configuration list for PBXNativeTarget "OTTProjectUITests" */ = {
			isa = XCConfigurationList;
			buildConfigurations = (
				18A52723298419E500C24CA6 /* Debug */,
				18A52724298419E500C24CA6 /* Release */,
			);
			defaultConfigurationIsVisible = 0;
			defaultConfigurationName = Release;
		};
/* End XCConfigurationList section */

/* Begin XCVersionGroup section */
		18A526FB298419E200C24CA6 /* OTTProject.xcdatamodeld */ = {
			isa = XCVersionGroup;
			children = (
				18A526FC298419E200C24CA6 /* OTTProject.xcdatamodel */,
			);
			currentVersion = 18A526FC298419E200C24CA6 /* OTTProject.xcdatamodel */;
			path = OTTProject.xcdatamodeld;
			sourceTree = "<group>";
			versionGroupType = wrapper.xcdatamodel;
		};
/* End XCVersionGroup section */
	};
	rootObject = 18A526E7298419E200C24CA6 /* Project object */;
}
