// !$*UTF8*$!
{
	archiveVersion = 1;
	classes = {
	};
	objectVersion = 56;
	objects = {

/* Begin PBXBuildFile section */
		18A526F3298419E200C24CA6 /* AppDelegate.swift in Sources */ = {isa = PBXBuildFile; fileRef = 18A526F2298419E200C24CA6 /* AppDelegate.swift */; };
		18A526F5298419E200C24CA6 /* SceneDelegate.swift in Sources */ = {isa = PBXBuildFile; fileRef = 18A526F4298419E200C24CA6 /* SceneDelegate.swift */; };
		18A526F7298419E200C24CA6 /* ViewController.swift in Sources */ = {isa = PBXBuildFile; fileRef = 18A526F6298419E200C24CA6 /* ViewController.swift */; };
		18A526FA298419E200C24CA6 /* Main.storyboard in Resources */ = {isa = PBXBuildFile; fileRef = 18A526F8298419E200C24CA6 /* Main.storyboard */; };
		18A526FD298419E200C24CA6 /* OTTProject.xcdatamodeld in Sources */ = {isa = PBXBuildFile; fileRef = 18A526FB298419E200C24CA6 /* OTTProject.xcdatamodeld */; };
		18A526FF298419E400C24CA6 /* Assets.xcassets in Resources */ = {isa = PBXBuildFile; fileRef = 18A526FE298419E400C24CA6 /* Assets.xcassets */; };
		18A52702298419E400C24CA6 /* LaunchScreen.storyboard in Resources */ = {isa = PBXBuildFile; fileRef = 18A52700298419E400C24CA6 /* LaunchScreen.storyboard */; };
		18A5270D298419E400C24CA6 /* OTTProjectTests.swift in Sources */ = {isa = PBXBuildFile; fileRef = 18A5270C298419E400C24CA6 /* OTTProjectTests.swift */; };
		18A52717298419E500C24CA6 /* OTTProjectUITests.swift in Sources */ = {isa = PBXBuildFile; fileRef = 18A52716298419E500C24CA6 /* OTTProjectUITests.swift */; };
		18A52719298419E500C24CA6 /* OTTProjectUITestsLaunchTests.swift in Sources */ = {isa = PBXBuildFile; fileRef = 18A52718298419E500C24CA6 /* OTTProjectUITestsLaunchTests.swift */; };
/* End PBXBuildFile section */

/* Begin PBXContainerItemProxy section */
		18A52709298419E400C24CA6 /* PBXContainerItemProxy */ = {
			isa = PBXContainerItemProxy;
			containerPortal = 18A526E7298419E200C24CA6 /* Project object */;
			proxyType = 1;
			remoteGlobalIDString = 18A526EE298419E200C24CA6;
			remoteInfo = OTTProject;
		};
		18A52713298419E500C24CA6 /* PBXContainerItemProxy */ = {
			isa = PBXContainerItemProxy;
			containerPortal = 18A526E7298419E200C24CA6 /* Project object */;
			proxyType = 1;
			remoteGlobalIDString = 18A526EE298419E200C24CA6;
			remoteInfo = OTTProject;
		};
/* End PBXContainerItemProxy section */

/* Begin PBXFileReference section */
		18A526EF298419E200C24CA6 /* OTTProject.app */ = {isa = PBXFileReference; explicitFileType = wrapper.application; includeInIndex = 0; path = OTTProject.app; sourceTree = BUILT_PRODUCTS_DIR; };
		18A526F2298419E200C24CA6 /* AppDelegate.swift */ = {isa = PBXFileReference; lastKnownFileType = sourcecode.swift; path = AppDelegate.swift; sourceTree = "<group>"; };
		18A526F4298419E200C24CA6 /* SceneDelegate.swift */ = {isa = PBXFileReference; lastKnownFileType = sourcecode.swift; path = SceneDelegate.swift; sourceTree = "<group>"; };
		18A526F6298419E200C24CA6 /* ViewController.swift */ = {isa = PBXFileReference; lastKnownFileType = sourcecode.swift; path = ViewController.swift; sourceTree = "<group>"; };
		18A526F9298419E200C24CA6 /* Base */ = {isa = PBXFileReference; lastKnownFileType = file.storyboard; name = Base; path = Base.lproj/Main.storyboard; sourceTree = "<group>"; };
		18A526FC298419E200C24CA6 /* OTTProject.xcdatamodel */ = {isa = PBXFileReference; lastKnownFileType = wrapper.xcdatamodel; path = OTTProject.xcdatamodel; sourceTree = "<group>"; };
		18A526FE298419E400C24CA6 /* Assets.xcassets */ = {isa = PBXFileReference; lastKnownFileType = folder.assetcatalog; path = Assets.xcassets; sourceTree = "<group>"; };
		18A52701298419E400C24CA6 /* Base */ = {isa = PBXFileReference; lastKnownFileType = file.storyboard; name = Base; path = Base.lproj/LaunchScreen.storyboard; sourceTree = "<group>"; };
		18A52703298419E400C24CA6 /* Info.plist */ = {isa = PBXFileReference; lastKnownFileType = text.plist.xml; path = Info.plist; sourceTree = "<group>"; };
		18A52708298419E400C24CA6 /* OTTProjectTests.xctest */ = {isa = PBXFileReference; explicitFileType = wrapper.cfbundle; includeInIndex = 0; path = OTTProjectTests.xctest; sourceTree = BUILT_PRODUCTS_DIR; };
		18A5270C298419E400C24CA6 /* OTTProjectTests.swift */ = {isa = PBXFileReference; lastKnownFileType = sourcecode.swift; path = OTTProjectTests.swift; sourceTree = "<group>"; };
		18A52712298419E500C24CA6 /* OTTProjectUITests.xctest */ = {isa = PBXFileReference; explicitFileType = wrapper.cfbundle; includeInIndex = 0; path = OTTProjectUITests.xctest; sourceTree = BUILT_PRODUCTS_DIR; };
		18A52716298419E500C24CA6 /* OTTProjectUITests.swift */ = {isa = PBXFileReference; lastKnownFileType = sourcecode.swift; path = OTTProjectUITests.swift; sourceTree = "<group>"; };
		18A52718298419E500C24CA6 /* OTTProjectUITestsLaunchTests.swift */ = {isa = PBXFileReference; lastKnownFileType = sourcecode.swift; path = OTTProjectUITestsLaunchTests.swift; sourceTree = "<group>"; };
/* End PBXFileReference section */

/* Begin PBXFrameworksBuildPhase section */
		18A526EC298419E200C24CA6 /* Frameworks */ = {
			isa = PBXFrameworksBuildPhase;
			buildActionMask = 2147483647;
			files = (
			);
			runOnlyForDeploymentPostprocessing = 0;
		};
		18A52705298419E400C24CA6 /* Frameworks */ = {
			isa = PBXFrameworksBuildPhase;
			buildActionMask = 2147483647;
			files = (
			);
			runOnlyForDeploymentPostprocessing = 0;
		};
		18A5270F298419E500C24CA6 /* Frameworks */ = {
			isa = PBXFrameworksBuildPhase;
			buildActionMask = 2147483647;
			files = (
			);
			runOnlyForDeploymentPostprocessing = 0;
		};
/* End PBXFrameworksBuildPhase section */

/* Begin PBXGroup section */
		18A526E6298419E200C24CA6 = {
			isa = PBXGroup;
			children = (
				18A526F1298419E200C24CA6 /* OTTProject */,
				18A5270B298419E400C24CA6 /* OTTProjectTests */,
				18A52715298419E500C24CA6 /* OTTProjectUITests */,
				18A526F0298419E200C24CA6 /* Products */,
			);
			sourceTree = "<group>";
		};
		18A526F0298419E200C24CA6 /* Products */ = {
			isa = PBXGroup;
			children = (
				18A526EF298419E200C24CA6 /* OTTProject.app */,
				18A52708298419E400C24CA6 /* OTTProjectTests.xctest */,
				18A52712298419E500C24CA6 /* OTTProjectUITests.xctest */,
			);
			name = Products;
			sourceTree = "<group>";
		};
		18A526F1298419E200C24CA6 /* OTTProject */ = {
			isa = PBXGroup;
			children = (
				18A526F2298419E200C24CA6 /* AppDelegate.swift */,
				18A526F4298419E200C24CA6 /* SceneDelegate.swift */,
				18A526F6298419E200C24CA6 /* ViewController.swift */,
				18A526F8298419E200C24CA6 /* Main.storyboard */,
				18A526FE298419E400C24CA6 /* Assets.xcassets */,
				18A52700298419E400C24CA6 /* LaunchScreen.storyboard */,
				18A52703298419E400C24CA6 /* Info.plist */,
				18A526FB298419E200C24CA6 /* OTTProject.xcdatamodeld */,
			);
			path = OTTProject;
			sourceTree = "<group>";
		};
		18A5270B298419E400C24CA6 /* OTTProjectTests */ = {
			isa = PBXGroup;
			children = (
				18A5270C298419E400C24CA6 /* OTTProjectTests.swift */,
			);
			path = OTTProjectTests;
			sourceTree = "<group>";
		};
		18A52715298419E500C24CA6 /* OTTProjectUITests */ = {
			isa = PBXGroup;
			children = (
				18A52716298419E500C24CA6 /* OTTProjectUITests.swift */,
				18A52718298419E500C24CA6 /* OTTProjectUITestsLaunchTests.swift */,
			);
			path = OTTProjectUITests;
			sourceTree = "<group>";
		};
/* End PBXGroup section */

/* Begin PBXNativeTarget section */
		18A526EE298419E200C24CA6 /* OTTProject */ = {
			isa = PBXNativeTarget;
			buildConfigurationList = 18A5271C298419E500C24CA6 /* Build configuration list for PBXNativeTarget "OTTProject" */;
			buildPhases = (
				18A526EB298419E200C24CA6 /* Sources */,
				18A526EC298419E200C24CA6 /* Frameworks */,
				18A526ED298419E200C24CA6 /* Resources */,
			);
			buildRules = (
			);
			dependencies = (
			);
			name = OTTProject;
			productName = OTTProject;
			productReference = 18A526EF298419E200C24CA6 /* OTTProject.app */;
			productType = "com.apple.product-type.application";
		};
		18A52707298419E400C24CA6 /* OTTProjectTests */ = {
			isa = PBXNativeTarget;
			buildConfigurationList = 18A5271F298419E500C24CA6 /* Build configuration list for PBXNativeTarget "OTTProjectTests" */;
			buildPhases = (
				18A52704298419E400C24CA6 /* Sources */,
				18A52705298419E400C24CA6 /* Frameworks */,
				18A52706298419E400C24CA6 /* Resources */,
			);
			buildRules = (
			);
			dependencies = (
				18A5270A298419E400C24CA6 /* PBXTargetDependency */,
			);
			name = OTTProjectTests;
			productName = OTTProjectTests;
			productReference = 18A52708298419E400C24CA6 /* OTTProjectTests.xctest */;
			productType = "com.apple.product-type.bundle.unit-test";
		};
		18A52711298419E500C24CA6 /* OTTProjectUITests */ = {
			isa = PBXNativeTarget;
			buildConfigurationList = 18A52722298419E500C24CA6 /* Build configuration list for PBXNativeTarget "OTTProjectUITests" */;
			buildPhases = (
				18A5270E298419E500C24CA6 /* Sources */,
				18A5270F298419E500C24CA6 /* Frameworks */,
				18A52710298419E500C24CA6 /* Resources */,
			);
			buildRules = (
			);
			dependencies = (
				18A52714298419E500C24CA6 /* PBXTargetDependency */,
			);
			name = OTTProjectUITests;
			productName = OTTProjectUITests;
			productReference = 18A52712298419E500C24CA6 /* OTTProjectUITests.xctest */;
			productType = "com.apple.product-type.bundle.ui-testing";
		};
/* End PBXNativeTarget section */

/* Begin PBXProject section */
		18A526E7298419E200C24CA6 /* Project object */ = {
			isa = PBXProject;
			attributes = {
				BuildIndependentTargetsInParallel = 1;
				LastSwiftUpdateCheck = 1420;
				LastUpgradeCheck = 1420;
				TargetAttributes = {
					18A526EE298419E200C24CA6 = {
						CreatedOnToolsVersion = 14.2;
					};
					18A52707298419E400C24CA6 = {
						CreatedOnToolsVersion = 14.2;
						TestTargetID = 18A526EE298419E200C24CA6;
					};
					18A52711298419E500C24CA6 = {
						CreatedOnToolsVersion = 14.2;
						TestTargetID = 18A526EE298419E200C24CA6;
					};
				};
			};
			buildConfigurationList = 18A526EA298419E200C24CA6 /* Build configuration list for PBXProject "OTTProject" */;
			compatibilityVersion = "Xcode 14.0";
			developmentRegion = en;
			hasScannedForEncodings = 0;
			knownRegions = (
				en,
				Base,
			);
			mainGroup = 18A526E6298419E200C24CA6;
			productRefGroup = 18A526F0298419E200C24CA6 /* Products */;
			projectDirPath = "";
			projectRoot = "";
			targets = (
				18A526EE298419E200C24CA6 /* OTTProject */,
				18A52707298419E400C24CA6 /* OTTProjectTests */,
				18A52711298419E500C24CA6 /* OTTProjectUITests */,
			);
		};
/* End PBXProject section */

/* Begin PBXResourcesBuildPhase section */
		18A526ED298419E200C24CA6 /* Resources */ = {
			isa = PBXResourcesBuildPhase;
			buildActionMask = 2147483647;
			files = (
				18A52702298419E400C24CA6 /* LaunchScreen.storyboard in Resources */,
				18A526FF298419E400C24CA6 /* Assets.xcassets in Resources */,
				18A526FA298419E200C24CA6 /* Main.storyboard in Resources */,
			);
			runOnlyForDeploymentPostprocessing = 0;
		};
		18A52706298419E400C24CA6 /* Resources */ = {
			isa = PBXResourcesBuildPhase;
			buildActionMask = 2147483647;
			files = (
			);
			runOnlyForDeploymentPostprocessing = 0;
		};
		18A52710298419E500C24CA6 /* Resources */ = {
			isa = PBXResourcesBuildPhase;
			buildActionMask = 2147483647;
			files = (
			);
			runOnlyForDeploymentPostprocessing = 0;
		};
/* End PBXResourcesBuildPhase section */

/* Begin PBXSourcesBuildPhase section */
		18A526EB298419E200C24CA6 /* Sources */ = {
			isa = PBXSourcesBuildPhase;
			buildActionMask = 2147483647;
			files = (
				18A526F7298419E200C24CA6 /* ViewController.swift in Sources */,
				18A526FD298419E200C24CA6 /* OTTProject.xcdatamodeld in Sources */,
				18A526F3298419E200C24CA6 /* AppDelegate.swift in Sources */,
				18A526F5298419E200C24CA6 /* SceneDelegate.swift in Sources */,
			);
			runOnlyForDeploymentPostprocessing = 0;
		};
		18A52704298419E400C24CA6 /* Sources */ = {
			isa = PBXSourcesBuildPhase;
			buildActionMask = 2147483647;
			files = (
				18A5270D298419E400C24CA6 /* OTTProjectTests.swift in Sources */,
			);
			runOnlyForDeploymentPostprocessing = 0;
		};
		18A5270E298419E500C24CA6 /* Sources */ = {
			isa = PBXSourcesBuildPhase;
			buildActionMask = 2147483647;
			files = (
				18A52719298419E500C24CA6 /* OTTProjectUITestsLaunchTests.swift in Sources */,
				18A52717298419E500C24CA6 /* OTTProjectUITests.swift in Sources */,
			);
			runOnlyForDeploymentPostprocessing = 0;
		};
/* End PBXSourcesBuildPhase section */

/* Begin PBXTargetDependency section */
		18A5270A298419E400C24CA6 /* PBXTargetDependency */ = {
			isa = PBXTargetDependency;
			target = 18A526EE298419E200C24CA6 /* OTTProject */;
			targetProxy = 18A52709298419E400C24CA6 /* PBXContainerItemProxy */;
		};
		18A52714298419E500C24CA6 /* PBXTargetDependency */ = {
			isa = PBXTargetDependency;
			target = 18A526EE298419E200C24CA6 /* OTTProject */;
			targetProxy = 18A52713298419E500C24CA6 /* PBXContainerItemProxy */;
		};
/* End PBXTargetDependency section */

/* Begin PBXVariantGroup section */
		18A526F8298419E200C24CA6 /* Main.storyboard */ = {
			isa = PBXVariantGroup;
			children = (
				18A526F9298419E200C24CA6 /* Base */,
			);
			name = Main.storyboard;
			sourceTree = "<group>";
		};
		18A52700298419E400C24CA6 /* LaunchScreen.storyboard */ = {
			isa = PBXVariantGroup;
			children = (
				18A52701298419E400C24CA6 /* Base */,
			);
			name = LaunchScreen.storyboard;
			sourceTree = "<group>";
		};
/* End PBXVariantGroup section */

/* Begin XCBuildConfiguration section */
		18A5271A298419E500C24CA6 /* Debug */ = {
			isa = XCBuildConfiguration;
			buildSettings = {
				ALWAYS_SEARCH_USER_PATHS = NO;
				CLANG_ANALYZER_NONNULL = YES;
				CLANG_ANALYZER_NUMBER_OBJECT_CONVERSION = YES_AGGRESSIVE;
				CLANG_CXX_LANGUAGE_STANDARD = "gnu++20";
				CLANG_ENABLE_MODULES = YES;
				CLANG_ENABLE_OBJC_ARC = YES;
				CLANG_ENABLE_OBJC_WEAK = YES;
				CLANG_WARN_BLOCK_CAPTURE_AUTORELEASING = YES;
				CLANG_WARN_BOOL_CONVERSION = YES;
				CLANG_WARN_COMMA = YES;
				CLANG_WARN_CONSTANT_CONVERSION = YES;
				CLANG_WARN_DEPRECATED_OBJC_IMPLEMENTATIONS = YES;
				CLANG_WARN_DIRECT_OBJC_ISA_USAGE = YES_ERROR;
				CLANG_WARN_DOCUMENTATION_COMMENTS = YES;
				CLANG_WARN_EMPTY_BODY = YES;
				CLANG_WARN_ENUM_CONVERSION = YES;
				CLANG_WARN_INFINITE_RECURSION = YES;
				CLANG_WARN_INT_CONVERSION = YES;
				CLANG_WARN_NON_LITERAL_NULL_CONVERSION = YES;
				CLANG_WARN_OBJC_IMPLICIT_RETAIN_SELF = YES;
				CLANG_WARN_OBJC_LITERAL_CONVERSION = YES;
				CLANG_WARN_OBJC_ROOT_CLASS = YES_ERROR;
				CLANG_WARN_QUOTED_INCLUDE_IN_FRAMEWORK_HEADER = YES;
				CLANG_WARN_RANGE_LOOP_ANALYSIS = YES;
				CLANG_WARN_STRICT_PROTOTYPES = YES;
				CLANG_WARN_SUSPICIOUS_MOVE = YES;
				CLANG_WARN_UNGUARDED_AVAILABILITY = YES_AGGRESSIVE;
				CLANG_WARN_UNREACHABLE_CODE = YES;
				CLANG_WARN__DUPLICATE_METHOD_MATCH = YES;
				COPY_PHASE_STRIP = NO;
				DEBUG_INFORMATION_FORMAT = dwarf;
				ENABLE_STRICT_OBJC_MSGSEND = YES;
				ENABLE_TESTABILITY = YES;
				GCC_C_LANGUAGE_STANDARD = gnu11;
				GCC_DYNAMIC_NO_PIC = NO;
				GCC_NO_COMMON_BLOCKS = YES;
				GCC_OPTIMIZATION_LEVEL = 0;
				GCC_PREPROCESSOR_DEFINITIONS = (
					"DEBUG=1",
					"$(inherited)",
				);
				GCC_WARN_64_TO_32_BIT_CONVERSION = YES;
				GCC_WARN_ABOUT_RETURN_TYPE = YES_ERROR;
				GCC_WARN_UNDECLARED_SELECTOR = YES;
				GCC_WARN_UNINITIALIZED_AUTOS = YES_AGGRESSIVE;
				GCC_WARN_UNUSED_FUNCTION = YES;
				GCC_WARN_UNUSED_VARIABLE = YES;
				IPHONEOS_DEPLOYMENT_TARGET = 16.2;
				MTL_ENABLE_DEBUG_INFO = INCLUDE_SOURCE;
				MTL_FAST_MATH = YES;
				ONLY_ACTIVE_ARCH = YES;
				SDKROOT = iphoneos;
				SWIFT_ACTIVE_COMPILATION_CONDITIONS = DEBUG;
				SWIFT_OPTIMIZATION_LEVEL = "-Onone";
			};
			name = Debug;
		};
		18A5271B298419E500C24CA6 /* Release */ = {
			isa = XCBuildConfiguration;
			buildSettings = {
				ALWAYS_SEARCH_USER_PATHS = NO;
				CLANG_ANALYZER_NONNULL = YES;
				CLANG_ANALYZER_NUMBER_OBJECT_CONVERSION = YES_AGGRESSIVE;
				CLANG_CXX_LANGUAGE_STANDARD = "gnu++20";
				CLANG_ENABLE_MODULES = YES;
				CLANG_ENABLE_OBJC_ARC = YES;
				CLANG_ENABLE_OBJC_WEAK = YES;
				CLANG_WARN_BLOCK_CAPTURE_AUTORELEASING = YES;
				CLANG_WARN_BOOL_CONVERSION = YES;
				CLANG_WARN_COMMA = YES;
				CLANG_WARN_CONSTANT_CONVERSION = YES;
				CLANG_WARN_DEPRECATED_OBJC_IMPLEMENTATIONS = YES;
				CLANG_WARN_DIRECT_OBJC_ISA_USAGE = YES_ERROR;
				CLANG_WARN_DOCUMENTATION_COMMENTS = YES;
				CLANG_WARN_EMPTY_BODY = YES;
				CLANG_WARN_ENUM_CONVERSION = YES;
				CLANG_WARN_INFINITE_RECURSION = YES;
				CLANG_WARN_INT_CONVERSION = YES;
				CLANG_WARN_NON_LITERAL_NULL_CONVERSION = YES;
				CLANG_WARN_OBJC_IMPLICIT_RETAIN_SELF = YES;
				CLANG_WARN_OBJC_LITERAL_CONVERSION = YES;
				CLANG_WARN_OBJC_ROOT_CLASS = YES_ERROR;
				CLANG_WARN_QUOTED_INCLUDE_IN_FRAMEWORK_HEADER = YES;
				CLANG_WARN_RANGE_LOOP_ANALYSIS = YES;
				CLANG_WARN_STRICT_PROTOTYPES = YES;
				CLANG_WARN_SUSPICIOUS_MOVE = YES;
				CLANG_WARN_UNGUARDED_AVAILABILITY = YES_AGGRESSIVE;
				CLANG_WARN_UNREACHABLE_CODE = YES;
				CLANG_WARN__DUPLICATE_METHOD_MATCH = YES;
				COPY_PHASE_STRIP = NO;
				DEBUG_INFORMATION_FORMAT = "dwarf-with-dsym";
				ENABLE_NS_ASSERTIONS = NO;
				ENABLE_STRICT_OBJC_MSGSEND = YES;
				GCC_C_LANGUAGE_STANDARD = gnu11;
				GCC_NO_COMMON_BLOCKS = YES;
				GCC_WARN_64_TO_32_BIT_CONVERSION = YES;
				GCC_WARN_ABOUT_RETURN_TYPE = YES_ERROR;
				GCC_WARN_UNDECLARED_SELECTOR = YES;
				GCC_WARN_UNINITIALIZED_AUTOS = YES_AGGRESSIVE;
				GCC_WARN_UNUSED_FUNCTION = YES;
				GCC_WARN_UNUSED_VARIABLE = YES;
				IPHONEOS_DEPLOYMENT_TARGET = 16.2;
				MTL_ENABLE_DEBUG_INFO = NO;
				MTL_FAST_MATH = YES;
				SDKROOT = iphoneos;
				SWIFT_COMPILATION_MODE = wholemodule;
				SWIFT_OPTIMIZATION_LEVEL = "-O";
				VALIDATE_PRODUCT = YES;
			};
			name = Release;
		};
		18A5271D298419E500C24CA6 /* Debug */ = {
			isa = XCBuildConfiguration;
			buildSettings = {
				ASSETCATALOG_COMPILER_APPICON_NAME = AppIcon;
				ASSETCATALOG_COMPILER_GLOBAL_ACCENT_COLOR_NAME = AccentColor;
				CODE_SIGN_STYLE = Automatic;
				CURRENT_PROJECT_VERSION = 1;
				DEVELOPMENT_TEAM = 6VGWYDBQ54;
				GENERATE_INFOPLIST_FILE = YES;
				INFOPLIST_FILE = OTTProject/Info.plist;
				INFOPLIST_KEY_UIApplicationSupportsIndirectInputEvents = YES;
				INFOPLIST_KEY_UILaunchStoryboardName = LaunchScreen;
				INFOPLIST_KEY_UIMainStoryboardFile = Main;
				INFOPLIST_KEY_UISupportedInterfaceOrientations_iPad = "UIInterfaceOrientationPortrait UIInterfaceOrientationPortraitUpsideDown UIInterfaceOrientationLandscapeLeft UIInterfaceOrientationLandscapeRight";
				INFOPLIST_KEY_UISupportedInterfaceOrientations_iPhone = "UIInterfaceOrientationPortrait UIInterfaceOrientationLandscapeLeft UIInterfaceOrientationLandscapeRight";
				LD_RUNPATH_SEARCH_PATHS = (
					"$(inherited)",
					"@executable_path/Frameworks",
				);
				MARKETING_VERSION = 1.0;
				PRODUCT_BUNDLE_IDENTIFIER = JOTECH.OTTProject;
				PRODUCT_NAME = "$(TARGET_NAME)";
				SWIFT_EMIT_LOC_STRINGS = YES;
				SWIFT_VERSION = 5.0;
				TARGETED_DEVICE_FAMILY = "1,2";
			};
			name = Debug;
		};
		18A5271E298419E500C24CA6 /* Release */ = {
			isa = XCBuildConfiguration;
			buildSettings = {
				ASSETCATALOG_COMPILER_APPICON_NAME = AppIcon;
				ASSETCATALOG_COMPILER_GLOBAL_ACCENT_COLOR_NAME = AccentColor;
				CODE_SIGN_STYLE = Automatic;
				CURRENT_PROJECT_VERSION = 1;
				DEVELOPMENT_TEAM = 6VGWYDBQ54;
				GENERATE_INFOPLIST_FILE = YES;
				INFOPLIST_FILE = OTTProject/Info.plist;
				INFOPLIST_KEY_UIApplicationSupportsIndirectInputEvents = YES;
				INFOPLIST_KEY_UILaunchStoryboardName = LaunchScreen;
				INFOPLIST_KEY_UIMainStoryboardFile = Main;
				INFOPLIST_KEY_UISupportedInterfaceOrientations_iPad = "UIInterfaceOrientationPortrait UIInterfaceOrientationPortraitUpsideDown UIInterfaceOrientationLandscapeLeft UIInterfaceOrientationLandscapeRight";
				INFOPLIST_KEY_UISupportedInterfaceOrientations_iPhone = "UIInterfaceOrientationPortrait UIInterfaceOrientationLandscapeLeft UIInterfaceOrientationLandscapeRight";
				LD_RUNPATH_SEARCH_PATHS = (
					"$(inherited)",
					"@executable_path/Frameworks",
				);
				MARKETING_VERSION = 1.0;
				PRODUCT_BUNDLE_IDENTIFIER = JOTECH.OTTProject;
				PRODUCT_NAME = "$(TARGET_NAME)";
				SWIFT_EMIT_LOC_STRINGS = YES;
				SWIFT_VERSION = 5.0;
				TARGETED_DEVICE_FAMILY = "1,2";
			};
			name = Release;
		};
		18A52720298419E500C24CA6 /* Debug */ = {
			isa = XCBuildConfiguration;
			buildSettings = {
				ALWAYS_EMBED_SWIFT_STANDARD_LIBRARIES = YES;
				BUNDLE_LOADER = "$(TEST_HOST)";
				CODE_SIGN_STYLE = Automatic;
				CURRENT_PROJECT_VERSION = 1;
				DEVELOPMENT_TEAM = 6VGWYDBQ54;
				GENERATE_INFOPLIST_FILE = YES;
				IPHONEOS_DEPLOYMENT_TARGET = 16.2;
				MARKETING_VERSION = 1.0;
				PRODUCT_BUNDLE_IDENTIFIER = JOTECH.OTTProjectTests;
				PRODUCT_NAME = "$(TARGET_NAME)";
				SWIFT_EMIT_LOC_STRINGS = NO;
				SWIFT_VERSION = 5.0;
				TARGETED_DEVICE_FAMILY = "1,2";
				TEST_HOST = "$(BUILT_PRODUCTS_DIR)/OTTProject.app/$(BUNDLE_EXECUTABLE_FOLDER_PATH)/OTTProject";
			};
			name = Debug;
		};
		18A52721298419E500C24CA6 /* Release */ = {
			isa = XCBuildConfiguration;
			buildSettings = {
				ALWAYS_EMBED_SWIFT_STANDARD_LIBRARIES = YES;
				BUNDLE_LOADER = "$(TEST_HOST)";
				CODE_SIGN_STYLE = Automatic;
				CURRENT_PROJECT_VERSION = 1;
				DEVELOPMENT_TEAM = 6VGWYDBQ54;
				GENERATE_INFOPLIST_FILE = YES;
				IPHONEOS_DEPLOYMENT_TARGET = 16.2;
				MARKETING_VERSION = 1.0;
				PRODUCT_BUNDLE_IDENTIFIER = JOTECH.OTTProjectTests;
				PRODUCT_NAME = "$(TARGET_NAME)";
				SWIFT_EMIT_LOC_STRINGS = NO;
				SWIFT_VERSION = 5.0;
				TARGETED_DEVICE_FAMILY = "1,2";
				TEST_HOST = "$(BUILT_PRODUCTS_DIR)/OTTProject.app/$(BUNDLE_EXECUTABLE_FOLDER_PATH)/OTTProject";
			};
			name = Release;
		};
		18A52723298419E500C24CA6 /* Debug */ = {
			isa = XCBuildConfiguration;
			buildSettings = {
				ALWAYS_EMBED_SWIFT_STANDARD_LIBRARIES = YES;
				CODE_SIGN_STYLE = Automatic;
				CURRENT_PROJECT_VERSION = 1;
				DEVELOPMENT_TEAM = 6VGWYDBQ54;
				GENERATE_INFOPLIST_FILE = YES;
				MARKETING_VERSION = 1.0;
				PRODUCT_BUNDLE_IDENTIFIER = JOTECH.OTTProjectUITests;
				PRODUCT_NAME = "$(TARGET_NAME)";
				SWIFT_EMIT_LOC_STRINGS = NO;
				SWIFT_VERSION = 5.0;
				TARGETED_DEVICE_FAMILY = "1,2";
				TEST_TARGET_NAME = OTTProject;
			};
			name = Debug;
		};
		18A52724298419E500C24CA6 /* Release */ = {
			isa = XCBuildConfiguration;
			buildSettings = {
				ALWAYS_EMBED_SWIFT_STANDARD_LIBRARIES = YES;
				CODE_SIGN_STYLE = Automatic;
				CURRENT_PROJECT_VERSION = 1;
				DEVELOPMENT_TEAM = 6VGWYDBQ54;
				GENERATE_INFOPLIST_FILE = YES;
				MARKETING_VERSION = 1.0;
				PRODUCT_BUNDLE_IDENTIFIER = JOTECH.OTTProjectUITests;
				PRODUCT_NAME = "$(TARGET_NAME)";
				SWIFT_EMIT_LOC_STRINGS = NO;
				SWIFT_VERSION = 5.0;
				TARGETED_DEVICE_FAMILY = "1,2";
				TEST_TARGET_NAME = OTTProject;
			};
			name = Release;
		};
/* End XCBuildConfiguration section */

/* Begin XCConfigurationList section */
		18A526EA298419E200C24CA6 /* Build configuration list for PBXProject "OTTProject" */ = {
			isa = XCConfigurationList;
			buildConfigurations = (
				18A5271A298419E500C24CA6 /* Debug */,
				18A5271B298419E500C24CA6 /* Release */,
			);
			defaultConfigurationIsVisible = 0;
			defaultConfigurationName = Release;
		};
		18A5271C298419E500C24CA6 /* Build configuration list for PBXNativeTarget "OTTProject" */ = {
			isa = XCConfigurationList;
			buildConfigurations = (
				18A5271D298419E500C24CA6 /* Debug */,
				18A5271E298419E500C24CA6 /* Release */,
			);
			defaultConfigurationIsVisible = 0;
			defaultConfigurationName = Release;
		};
		18A5271F298419E500C24CA6 /* Build configuration list for PBXNativeTarget "OTTProjectTests" */ = {
			isa = XCConfigurationList;
			buildConfigurations = (
				18A52720298419E500C24CA6 /* Debug */,
				18A52721298419E500C24CA6 /* Release */,
			);
			defaultConfigurationIsVisible = 0;
			defaultConfigurationName = Release;
		};
		18A52722298419E500C24CA6 /* Build configuration list for PBXNativeTarget "OTTProjectUITests" */ = {
			isa = XCConfigurationList;
			buildConfigurations = (
				18A52723298419E500C24CA6 /* Debug */,
				18A52724298419E500C24CA6 /* Release */,
			);
			defaultConfigurationIsVisible = 0;
			defaultConfigurationName = Release;
		};
/* End XCConfigurationList section */

/* Begin XCVersionGroup section */
		18A526FB298419E200C24CA6 /* OTTProject.xcdatamodeld */ = {
			isa = XCVersionGroup;
			children = (
				18A526FC298419E200C24CA6 /* OTTProject.xcdatamodel */,
			);
			currentVersion = 18A526FC298419E200C24CA6 /* OTTProject.xcdatamodel */;
			path = OTTProject.xcdatamodeld;
			sourceTree = "<group>";
			versionGroupType = wrapper.xcdatamodel;
		};
/* End XCVersionGroup section */
	};
	rootObject = 18A526E7298419E200C24CA6 /* Project object */;
}
